// !$*UTF8*$!
{
	archiveVersion = 1;
	classes = {
	};
	objectVersion = 77;
	objects = {

/* Begin PBXBuildFile section */
		02E4DEB6612EAEEFBD8D242E /* AuditLogStore.swift in Sources */ = {isa = PBXBuildFile; fileRef = 216AE69DA548C428D23109BD /* AuditLogStore.swift */; };
		08F9F939786209ACDA9EC749 /* TranscriptsView.swift in Sources */ = {isa = PBXBuildFile; fileRef = 44EC94296A6BFE79BDFC39DA /* TranscriptsView.swift */; };
		09D48416D5796D895D06B658 /* AppSettingsIntegrationTests.swift in Sources */ = {isa = PBXBuildFile; fileRef = 6CED4791D1BA89CAF006D804 /* AppSettingsIntegrationTests.swift */; };
		0AB2D3C57557BAB9AB7B264F /* AppVersion.swift in Sources */ = {isa = PBXBuildFile; fileRef = 78E0C908B58D3FB78E7FE33D /* AppVersion.swift */; };
		127CC9DADE8CC407EA7531F4 /* CurrentMeetingEditorView.swift in Sources */ = {isa = PBXBuildFile; fileRef = 3888B9339776CACE535A6614 /* CurrentMeetingEditorView.swift */; };
		18093D301161FB9173DCC11C /* NotionError.swift in Sources */ = {isa = PBXBuildFile; fileRef = C47C04845FCB9ED5E44C2103 /* NotionError.swift */; };
		1A5BF86086347F5830C4DA14 /* AcronymEntry.swift in Sources */ = {isa = PBXBuildFile; fileRef = EB8800D9AA11CD4447D95AD9 /* AcronymEntry.swift */; };
		1B2EBBA52E1ABE8DE1A50295 /* AppVersionTests.swift in Sources */ = {isa = PBXBuildFile; fileRef = 57CBEEB128198DC8D2EC31AB /* AppVersionTests.swift */; };
		1C04CBF2E157BCB85D503788 /* ContextCompiler.swift in Sources */ = {isa = PBXBuildFile; fileRef = 37FBC904679D5AEA3415B98C /* ContextCompiler.swift */; };
		1DA10CC9A972277BC5B616F0 /* TranscriptionRequestTests.swift in Sources */ = {isa = PBXBuildFile; fileRef = 03CD42879A5E6DD978622963 /* TranscriptionRequestTests.swift */; };
		1E4F8B2F3CF2A8111FA82D64 /* TranscriptionClientIntegrationTests.swift in Sources */ = {isa = PBXBuildFile; fileRef = 5FDB899C6C4EC86762403B27 /* TranscriptionClientIntegrationTests.swift */; };
		1EB76DDFC708DBABDE055218 /* ShortcutInvoker.swift in Sources */ = {isa = PBXBuildFile; fileRef = 6873D091A11EE8D681512469 /* ShortcutInvoker.swift */; };
		22E5DC62A206094586212A99 /* StubMeetingStartPrompter.swift in Sources */ = {isa = PBXBuildFile; fileRef = 5E1750C6E87DC2147D8377B2 /* StubMeetingStartPrompter.swift */; };
		2339352A1ADF1CC4D0BD710F /* MockURLProtocol.swift in Sources */ = {isa = PBXBuildFile; fileRef = 287757359CA389D80C39B9B5 /* MockURLProtocol.swift */; };
		23DEA498B42A9FA63DC10271 /* KeychainFileStorageTests.swift in Sources */ = {isa = PBXBuildFile; fileRef = 24F0F6ACC45D645FC0F78CA0 /* KeychainFileStorageTests.swift */; };
		2544965BAFBCC8A1F2FE19C1 /* AuditLogView.swift in Sources */ = {isa = PBXBuildFile; fileRef = 0F8CB90038AF44E31E5DEBDC /* AuditLogView.swift */; };
		25E05ED13CBE47E3A5B80AF9 /* OrganizationDetailView.swift in Sources */ = {isa = PBXBuildFile; fileRef = 3C5EBFFCB4EC3CCC8C92EFE7 /* OrganizationDetailView.swift */; };
		264467A924A02916060DED0C /* FileOrganizer.swift in Sources */ = {isa = PBXBuildFile; fileRef = E68A426A790FAC9E086AE130 /* FileOrganizer.swift */; };
		273CBA40C92FAF0A4D6E2038 /* PipelineState.swift in Sources */ = {isa = PBXBuildFile; fileRef = 70E0F6FA400E6FD58AFAE8F7 /* PipelineState.swift */; };
		2FA13CD051B4628DDED4AE31 /* FileOrganizerIntegrationTests.swift in Sources */ = {isa = PBXBuildFile; fileRef = 61D6611F43F01B87EA684EC2 /* FileOrganizerIntegrationTests.swift */; };
		318BBF2B8D6AD80A931F238C /* SupportedAudioTypeTests.swift in Sources */ = {isa = PBXBuildFile; fileRef = C519F9CF84187BD497A1BA35 /* SupportedAudioTypeTests.swift */; };
		323ADE196AB584B407ECF2E5 /* DebugModeTests.swift in Sources */ = {isa = PBXBuildFile; fileRef = 85D7D085ECF0C2D44D33B1D0 /* DebugModeTests.swift */; };
		34A35E148DFEC247318CF2EA /* MeetingContextSnapshot.swift in Sources */ = {isa = PBXBuildFile; fileRef = 07D322E5B20E4D2750F7EADB /* MeetingContextSnapshot.swift */; };
		35071674CC199653E27A6CF0 /* NotionConfig.swift in Sources */ = {isa = PBXBuildFile; fileRef = 7185FDCA31FF264964BC562D /* NotionConfig.swift */; };
		3686743C421E36FC6A4215B5 /* FolderWatcher.swift in Sources */ = {isa = PBXBuildFile; fileRef = 90E6AA96551146684933B40E /* FolderWatcher.swift */; };
		3B1327F691D638DF11F518BF /* SettingsValidation.swift in Sources */ = {isa = PBXBuildFile; fileRef = 8E837917D8AFED1FE97C157E /* SettingsValidation.swift */; };
		3C5DF3B958DDB8567756A5E1 /* AudioHijackPresenceTests.swift in Sources */ = {isa = PBXBuildFile; fileRef = 3B35E4DD77ED1A145CC32D05 /* AudioHijackPresenceTests.swift */; };
		3CEDB3A932561910FF9BC046 /* ProcessedFilesLedgerTests.swift in Sources */ = {isa = PBXBuildFile; fileRef = B418CE014EE8966E75A279BE /* ProcessedFilesLedgerTests.swift */; };
		3DAB87F492A65BF606C71C3A /* FoldersSection.swift in Sources */ = {isa = PBXBuildFile; fileRef = 07437514C635B493E10FE7F4 /* FoldersSection.swift */; };
		3E3FA38A3339F37D00552E5C /* ErrorInspectorTests.swift in Sources */ = {isa = PBXBuildFile; fileRef = B55A106540854AF87509629B /* ErrorInspectorTests.swift */; };
		3FC567457E7EFF9A1383F51E /* RecordingWorkspaceActions.swift in Sources */ = {isa = PBXBuildFile; fileRef = E43B740D303F1F18F5A48671 /* RecordingWorkspaceActions.swift */; };
		3FED7A7047D3FF7B5EFEB1B2 /* SettingsValidationTests.swift in Sources */ = {isa = PBXBuildFile; fileRef = B5B4C6E03309CF3B931A14F5 /* SettingsValidationTests.swift */; };
		4588A1ACC0288978180C07BA /* TranscriptionErrorTests.swift in Sources */ = {isa = PBXBuildFile; fileRef = A7C91E47FE413998324B35EA /* TranscriptionErrorTests.swift */; };
		45E617262376BDD3A0983E54 /* AuditLogEntryTests.swift in Sources */ = {isa = PBXBuildFile; fileRef = ED7F7D89E177E561577A3FFF /* AuditLogEntryTests.swift */; };
		484B021E7E882E4CCDF11DF4 /* NotionClientIntegrationTests.swift in Sources */ = {isa = PBXBuildFile; fileRef = 22C42612B0049F198E133EC8 /* NotionClientIntegrationTests.swift */; };
		48A035BE8890396E0ED43AAE /* JotApp.swift in Sources */ = {isa = PBXBuildFile; fileRef = EBA0F84BDC3CF425D094A331 /* JotApp.swift */; };
		4B0B928EA0382A96B3B35039 /* TranscriptionClient.swift in Sources */ = {isa = PBXBuildFile; fileRef = 108C06A1DC6694146E00D0C8 /* TranscriptionClient.swift */; };
		4BA939BD929D755DDE19ECAB /* NotionValidation.swift in Sources */ = {isa = PBXBuildFile; fileRef = EF6FD43A40A3969B3D43637B /* NotionValidation.swift */; };
		4DACF422B39F5653440E8915 /* PipelineCoordinator.swift in Sources */ = {isa = PBXBuildFile; fileRef = 99DC6FEDFFD2FB8138842E61 /* PipelineCoordinator.swift */; };
		51B9B6A3879B5048F40D690C /* AppSettingsTests.swift in Sources */ = {isa = PBXBuildFile; fileRef = AD97569419A9B33EAAB81467 /* AppSettingsTests.swift */; };
		568CE6D755752F137FA03E84 /* MeetingFolderRow.swift in Sources */ = {isa = PBXBuildFile; fileRef = 5E55B10B3244B2B33BB937AC /* MeetingFolderRow.swift */; };
		5891479EB15683AA66ACAA38 /* MenuBarController.swift in Sources */ = {isa = PBXBuildFile; fileRef = 55150BB151646F699DEA1E9C /* MenuBarController.swift */; };
		5AC46B999D83BA8BB92A1230 /* FileReadinessDetector.swift in Sources */ = {isa = PBXBuildFile; fileRef = AB382FBCEBAF77FCCB8ACCE1 /* FileReadinessDetector.swift */; };
		5B74B645F93780B2B24F8EC5 /* OrganizationTests.swift in Sources */ = {isa = PBXBuildFile; fileRef = B76D84B63DCF294129CED91C /* OrganizationTests.swift */; };
		5C7827ACCF53A7E0AEEA9170 /* HotkeyCoordinator.swift in Sources */ = {isa = PBXBuildFile; fileRef = 9B96C3DE1F116495480AD2A4 /* HotkeyCoordinator.swift */; };
		610674F725396514E8B220C3 /* FolderWatcherIntegrationTests.swift in Sources */ = {isa = PBXBuildFile; fileRef = DD904737C73D933987E7FA62 /* FolderWatcherIntegrationTests.swift */; };
		61786340A854420FB0BB6970 /* MeetingFolder.swift in Sources */ = {isa = PBXBuildFile; fileRef = DE78579A0770A9187E23B3EF /* MeetingFolder.swift */; };
		6270DFDD2DEC7AEF406F1C7C /* Assets.xcassets in Resources */ = {isa = PBXBuildFile; fileRef = FA2061D47F5C2898662DF08B /* Assets.xcassets */; };
		631BEF4286B57E974FF18AAF /* MeetingContextSnapshotTests.swift in Sources */ = {isa = PBXBuildFile; fileRef = DE422C52097ADA78653A6A23 /* MeetingContextSnapshotTests.swift */; };
		636D5290E254B1E94C7A122D /* FileOrganizerTests.swift in Sources */ = {isa = PBXBuildFile; fileRef = DA7DE2FAD0613AA70E1E03BF /* FileOrganizerTests.swift */; };
		6AE3B1901D7841728CE9992D /* MeetingContextSanitizerTests.swift in Sources */ = {isa = PBXBuildFile; fileRef = 62F77DD49571BC26F1471F0B /* MeetingContextSanitizerTests.swift */; };
		6AFC73B7F1BB7B49AED744F8 /* ShortcutInvokerTests.swift in Sources */ = {isa = PBXBuildFile; fileRef = A2E0816E3A3C42F6D6FAD27B /* ShortcutInvokerTests.swift */; };
		6B8B3B3DD0E632BC69A3B9AF /* AudioHijackPresence.swift in Sources */ = {isa = PBXBuildFile; fileRef = 7B9A5EF8EA56F3986F44485B /* AudioHijackPresence.swift */; };
		6DC0E3E16643A3F6BA465DCB /* InMemoryKeychain.swift in Sources */ = {isa = PBXBuildFile; fileRef = 1E486522DE41FE6A2FC00432 /* InMemoryKeychain.swift */; };
		72B9A552BBDB644F5CFE0BF6 /* AppSettings.swift in Sources */ = {isa = PBXBuildFile; fileRef = F91CC4B1DBFCD101830B93F5 /* AppSettings.swift */; };
		7353D863ACF4DC60671B8BFD /* CurrentMeetingEditingIntegrationTests.swift in Sources */ = {isa = PBXBuildFile; fileRef = 63F68508AF4D41033A42CE3C /* CurrentMeetingEditingIntegrationTests.swift */; };
		7362C0DC9E5C68415C05007C /* MeetingContextStore.swift in Sources */ = {isa = PBXBuildFile; fileRef = 93926781707E170A6D578293 /* MeetingContextStore.swift */; };
		78A4EA0D57294E80499D261D /* Log.swift in Sources */ = {isa = PBXBuildFile; fileRef = B29B601640530CAB3CDD3925 /* Log.swift */; };
		7945F40F0E0D5B1B49D38416 /* EndToEndIntegrationTests.swift in Sources */ = {isa = PBXBuildFile; fileRef = 34AA6CF1A547837C46055D56 /* EndToEndIntegrationTests.swift */; };
		7AF5C27224D39E09E73ADDB9 /* LoginItemControllerTests.swift in Sources */ = {isa = PBXBuildFile; fileRef = 63F09C2FFA0D35CD63FD6833 /* LoginItemControllerTests.swift */; };
		7FEBF8449A347B30AB62E554 /* SettingsFeatureSmokeTests.swift in Sources */ = {isa = PBXBuildFile; fileRef = 54ACE6CD87EB510571F413C2 /* SettingsFeatureSmokeTests.swift */; };
		809AEF38FED38636F76D6CC9 /* ContextCompilerTests.swift in Sources */ = {isa = PBXBuildFile; fileRef = CFEE911E36C438017A76E1D7 /* ContextCompilerTests.swift */; };
		8190AE2076419F7E96571BD7 /* NotionMeetingWriter.swift in Sources */ = {isa = PBXBuildFile; fileRef = 031A751DE76856F94DF819F3 /* NotionMeetingWriter.swift */; };
		8745F5838BF84BC73FBA9071 /* AppSettingsNotionTests.swift in Sources */ = {isa = PBXBuildFile; fileRef = 16F5FB2169CF5FC8AF6C35D4 /* AppSettingsNotionTests.swift */; };
		8A866BB3FA1BBB6AA2CE8FE2 /* AudioHijackController.swift in Sources */ = {isa = PBXBuildFile; fileRef = 8DB56050E77D0011B0CB1E6C /* AudioHijackController.swift */; };
		8B552F392F53EF4CE5FEA145 /* ProcessingPipeline.swift in Sources */ = {isa = PBXBuildFile; fileRef = 2EA2643A6257C44B8096C300 /* ProcessingPipeline.swift */; };
		8E99D21BC66277CF7867F9AA /* NotionClient.swift in Sources */ = {isa = PBXBuildFile; fileRef = 17687F46D7A0781669E5CC9F /* NotionClient.swift */; };
		91586B6F48449555EC1AC9CE /* OrganizationValidationTests.swift in Sources */ = {isa = PBXBuildFile; fileRef = E615560456029811A82F1D82 /* OrganizationValidationTests.swift */; };
		9240339CF2A247BF628F3C1A /* AuditLogRow.swift in Sources */ = {isa = PBXBuildFile; fileRef = 3BBEFBD0799076D336165C83 /* AuditLogRow.swift */; };
		992DD377B75E4CBD0BB988E5 /* AudioHijackBlock.swift in Sources */ = {isa = PBXBuildFile; fileRef = B1B9339643FC3CFAAF11D16F /* AudioHijackBlock.swift */; };
		9B480CA41E55B9EB38EF1E75 /* FakeLoginItemControlling.swift in Sources */ = {isa = PBXBuildFile; fileRef = 6731DA96C0D07E749082ACE9 /* FakeLoginItemControlling.swift */; };
		9C6E60AD410DA322579E1387 /* HotkeySection.swift in Sources */ = {isa = PBXBuildFile; fileRef = 3716163D53B77C131C18B69C /* HotkeySection.swift */; };
		9D217B2946D2792174764BEC /* NotionErrorMappingTests.swift in Sources */ = {isa = PBXBuildFile; fileRef = 6C52DECAD9EEB09355E1BC87 /* NotionErrorMappingTests.swift */; };
		9E4784CA4C9F24B8739E1923 /* KeychainTests.swift in Sources */ = {isa = PBXBuildFile; fileRef = 2541231F60251CDCDF95AD02 /* KeychainTests.swift */; };
		9F0D64186C19EC81EFFB3494 /* ErrorInspectorView.swift in Sources */ = {isa = PBXBuildFile; fileRef = C84DF0EC584BDA330A171210 /* ErrorInspectorView.swift */; };
		A2B747F61B514A47A4B894D1 /* TranscriptionError.swift in Sources */ = {isa = PBXBuildFile; fileRef = AE3DA5B94EC022A41E0B2FA2 /* TranscriptionError.swift */; };
		A5045AFC90761DF71B399142 /* LoginItemController.swift in Sources */ = {isa = PBXBuildFile; fileRef = E04F2CEE8ECD78A7D007FF39 /* LoginItemController.swift */; };
		A87431471622FF181491D3C3 /* MeetingStartInputs.swift in Sources */ = {isa = PBXBuildFile; fileRef = B1C339504980873040A57243 /* MeetingStartInputs.swift */; };
		A9E6BABCD6C1E6792400A6A8 /* MeetingStartPrompter.swift in Sources */ = {isa = PBXBuildFile; fileRef = 68559F817B92B676B8947AA9 /* MeetingStartPrompter.swift */; };
		ABF46D2D679BD3DF50A1E6D7 /* AuditLogEntry.swift in Sources */ = {isa = PBXBuildFile; fileRef = 1496A58E4D80E63C3314D709 /* AuditLogEntry.swift */; };
		AD641AE135A911490BE1CC6E /* FileReadinessDetectorTests.swift in Sources */ = {isa = PBXBuildFile; fileRef = 835DFD92489590195327E5D0 /* FileReadinessDetectorTests.swift */; };
		AD79DC077FA02D21771D2014 /* ErrorInspector.swift in Sources */ = {isa = PBXBuildFile; fileRef = 9EAF93821911970FB0B0009D /* ErrorInspector.swift */; };
		AE6161292A0566FDD70CCE34 /* OrganizationStore.swift in Sources */ = {isa = PBXBuildFile; fileRef = 5B961E8867412B55ACBEB9EB /* OrganizationStore.swift */; };
		AFFCB7D2403F9BB2FCDFA15D /* TranscriptionRequest.swift in Sources */ = {isa = PBXBuildFile; fileRef = 20D35F1E4B0F180010FC1B95 /* TranscriptionRequest.swift */; };
		B28F4C969AAA32DAD36565E7 /* MeetingStartInputsTests.swift in Sources */ = {isa = PBXBuildFile; fileRef = 23DDF92BCE9AF688ADECFAD4 /* MeetingStartInputsTests.swift */; };
		B4348D7CA83768698786B1AF /* OrganizationStoreIntegrationTests.swift in Sources */ = {isa = PBXBuildFile; fileRef = 515AD813A8FC1D4B8B254A95 /* OrganizationStoreIntegrationTests.swift */; };
		BA79FBD2003D0A5D4CE696EA /* SupportedAudioType.swift in Sources */ = {isa = PBXBuildFile; fileRef = 70243DAC8CB16B5A2A6703E6 /* SupportedAudioType.swift */; };
		BE99F54CE3616AD71FC9C1C5 /* MeetingContextStoreTests.swift in Sources */ = {isa = PBXBuildFile; fileRef = 96EDA9B047ADB9182BE38A0E /* MeetingContextStoreTests.swift */; };
		C367D85F6479C4BE678B9F08 /* KeyCombo.swift in Sources */ = {isa = PBXBuildFile; fileRef = EA29F37033552696809DF5C5 /* KeyCombo.swift */; };
		C49117906F38F75DED5593E4 /* OrganizationsListView.swift in Sources */ = {isa = PBXBuildFile; fileRef = A3614E23671DB4243D4D1068 /* OrganizationsListView.swift */; };
		C4B25F458225CF8969C8690F /* HotkeyCoordinatorTests.swift in Sources */ = {isa = PBXBuildFile; fileRef = D45A397E2413FEFB1C2BF1E3 /* HotkeyCoordinatorTests.swift */; };
		C8A6F8C1995B27EB22A02AF5 /* ContextCompilerBudget.swift in Sources */ = {isa = PBXBuildFile; fileRef = 584B402E54D50A00F4CF479E /* ContextCompilerBudget.swift */; };
		C975ADE0D1AA4A5D017EBBEC /* MenuBarControllerTests.swift in Sources */ = {isa = PBXBuildFile; fileRef = 6E76D647F9761C3C06836450 /* MenuBarControllerTests.swift */; };
		C9D70FC95189E073CA68157B /* MainWindowTabTests.swift in Sources */ = {isa = PBXBuildFile; fileRef = 2F7D3B580D5B24D98F56A33A /* MainWindowTabTests.swift */; };
		CA5CF64E57859C93476FD0C9 /* OrganizationValidation.swift in Sources */ = {isa = PBXBuildFile; fileRef = C365A5583904424FBDE8A9F9 /* OrganizationValidation.swift */; };
		CC744B650EB82D15E7F05502 /* APIConfigSection.swift in Sources */ = {isa = PBXBuildFile; fileRef = D91746CCF9ADAEE0ED96867C /* APIConfigSection.swift */; };
		CCE982A3B5EDB2FD5D572036 /* ProcessedFilesLedger.swift in Sources */ = {isa = PBXBuildFile; fileRef = A24D1E13AA7EB197F577B53B /* ProcessedFilesLedger.swift */; };
		D06A67B449C23AD74BE1D7ED /* Organization.swift in Sources */ = {isa = PBXBuildFile; fileRef = B99FEEA8519663736DEA1B19 /* Organization.swift */; };
		D14EDC251BC9460575817D06 /* SettingsLayout.swift in Sources */ = {isa = PBXBuildFile; fileRef = 6DE3A8927A79D1A30FBA1E14 /* SettingsLayout.swift */; };
		D23ABB1ABF450D1AF7F2581A /* LoginItemManager.swift in Sources */ = {isa = PBXBuildFile; fileRef = 977457B64140FDA43F9D78FA /* LoginItemManager.swift */; };
		D295914EA31644364091B3ED /* NotionValidationTests.swift in Sources */ = {isa = PBXBuildFile; fileRef = 0DAD2D250F707F55132C9E60 /* NotionValidationTests.swift */; };
		D2B871A07D7630451903D1FF /* MeetingFolderTimestampTests.swift in Sources */ = {isa = PBXBuildFile; fileRef = 89019A012263DB9A106180B6 /* MeetingFolderTimestampTests.swift */; };
		D5634C93E31A5A224B5A3D71 /* SparkleUpdater.swift in Sources */ = {isa = PBXBuildFile; fileRef = 5FFF6D759A190A5810932745 /* SparkleUpdater.swift */; };
		D5B027C42726B753B8835658 /* Keychain.swift in Sources */ = {isa = PBXBuildFile; fileRef = 70335DFB54D4A0FA6A73BD50 /* Keychain.swift */; };
		D6FFC310E65A663C775A32F4 /* MainWindow.swift in Sources */ = {isa = PBXBuildFile; fileRef = 78A86F1ADBC2862697A84BDA /* MainWindow.swift */; };
		D7B29093D6BCC2A6E8E93B68 /* TranscriptsViewModelTests.swift in Sources */ = {isa = PBXBuildFile; fileRef = 3889E4CC81BA16539834D4C0 /* TranscriptsViewModelTests.swift */; };
		D827E9838278D6B7D573FE2B /* NotionPageBuilder.swift in Sources */ = {isa = PBXBuildFile; fileRef = 908EE78B9C38578665E6EF12 /* NotionPageBuilder.swift */; };
		D8A3DD38EE0566A4A3279796 /* RecordingURLOpener.swift in Sources */ = {isa = PBXBuildFile; fileRef = 8F11100474748353695B5D13 /* RecordingURLOpener.swift */; };
		D9B84B46ADF628CC1939BECF /* FakeHotkeyRegistrar.swift in Sources */ = {isa = PBXBuildFile; fileRef = FD1F69306197E96589E63350 /* FakeHotkeyRegistrar.swift */; };
		DD7723E8F1336AA9D2F0B58F /* AuditLogStoreTests.swift in Sources */ = {isa = PBXBuildFile; fileRef = 0D24EB93716734CA8BF8BF12 /* AuditLogStoreTests.swift */; };
		DE0FE5510327FF64C7EAB5F9 /* OrganizationsView.swift in Sources */ = {isa = PBXBuildFile; fileRef = D98B6DCC6159624129E01417 /* OrganizationsView.swift */; };
		E045D0839B5B7BF3A6ACB29E /* EphemeralUserDefaults.swift in Sources */ = {isa = PBXBuildFile; fileRef = CF7C349C6EB555B97BFA6D2C /* EphemeralUserDefaults.swift */; };
		E1EC0D6867329BE480D1681B /* SettingsView.swift in Sources */ = {isa = PBXBuildFile; fileRef = DF5852AA7796E4BAEF5AB484 /* SettingsView.swift */; };
		E627399561B1AC9DAB0B0408 /* Sparkle in Frameworks */ = {isa = PBXBuildFile; productRef = F187B23939AA107083CC8A68 /* Sparkle */; };
		E8C8059E488F6BA42C8D9694 /* DebugMode.swift in Sources */ = {isa = PBXBuildFile; fileRef = 7BCEB820CED1AD51E75B3BBB /* DebugMode.swift */; };
		E8FF0493F280995EED5CEAEB /* NotionPagePayload.swift in Sources */ = {isa = PBXBuildFile; fileRef = 9DA782946750D9DEA55107CF /* NotionPagePayload.swift */; };
		E994126055B69EC0E078CD8B /* TranscriptsViewModel.swift in Sources */ = {isa = PBXBuildFile; fileRef = A628D7CE4C84433FD80A1F1F /* TranscriptsViewModel.swift */; };
		EB93CE7149E8874BF383B3B8 /* NotionPageBuilderTests.swift in Sources */ = {isa = PBXBuildFile; fileRef = EE385C18A6EB5FD953A55E6F /* NotionPageBuilderTests.swift */; };
		EC3C0A026717156DE4F4E405 /* HotkeyRegistrar.swift in Sources */ = {isa = PBXBuildFile; fileRef = 3655D3BF86D9C2822621BF58 /* HotkeyRegistrar.swift */; };
		F3DDE8F0C48071E18289DEF9 /* PipelineIntegrationTests.swift in Sources */ = {isa = PBXBuildFile; fileRef = 1C6FD0A84281D5E1073A427A /* PipelineIntegrationTests.swift */; };
		F69CDF53C6F5680FC311A8C9 /* FileOrganizerContextTests.swift in Sources */ = {isa = PBXBuildFile; fileRef = 6F81143C80A9FC0C13DFB362 /* FileOrganizerContextTests.swift */; };
		F7E2451C8828519B8047C65E /* SystemSection.swift in Sources */ = {isa = PBXBuildFile; fileRef = 6A6DE1E88DB26D4CEF759D93 /* SystemSection.swift */; };
		F84C6723662ED208D8F42C7F /* PipelineCoordinatorTests.swift in Sources */ = {isa = PBXBuildFile; fileRef = 95F9E11967B48E4D9666D28C /* PipelineCoordinatorTests.swift */; };
		FA2017424A8BD7527620F479 /* KeyComboTests.swift in Sources */ = {isa = PBXBuildFile; fileRef = 9A8CA80F8A0F5650DE74B9AB /* KeyComboTests.swift */; };
		FD63F122BB98D1BA40BAF006 /* AudioHijackControllerTests.swift in Sources */ = {isa = PBXBuildFile; fileRef = 982BFA5E4DA5C12D4CD53F6F /* AudioHijackControllerTests.swift */; };
/* End PBXBuildFile section */

/* Begin PBXContainerItemProxy section */
		071E34D44071D9D7226B8FF1 /* PBXContainerItemProxy */ = {
			isa = PBXContainerItemProxy;
			containerPortal = 5729D6C2EC45B150D2A5B40B /* Project object */;
			proxyType = 1;
			remoteGlobalIDString = B0C2456737C67D0846A9A98E;
			remoteInfo = Jot;
		};
/* End PBXContainerItemProxy section */

/* Begin PBXFileReference section */
		02C058F285F9DAA22BCF89B6 /* .gitkeep */ = {isa = PBXFileReference; path = .gitkeep; sourceTree = "<group>"; };
		031A751DE76856F94DF819F3 /* NotionMeetingWriter.swift */ = {isa = PBXFileReference; lastKnownFileType = sourcecode.swift; path = NotionMeetingWriter.swift; sourceTree = "<group>"; };
		0339E37A19A7EECFC019395F /* .gitkeep */ = {isa = PBXFileReference; path = .gitkeep; sourceTree = "<group>"; };
		03CD42879A5E6DD978622963 /* TranscriptionRequestTests.swift */ = {isa = PBXFileReference; lastKnownFileType = sourcecode.swift; path = TranscriptionRequestTests.swift; sourceTree = "<group>"; };
		0466A43A689B0FCA32F6DF97 /* Info.plist */ = {isa = PBXFileReference; lastKnownFileType = text.plist; path = Info.plist; sourceTree = "<group>"; };
		07437514C635B493E10FE7F4 /* FoldersSection.swift */ = {isa = PBXFileReference; lastKnownFileType = sourcecode.swift; path = FoldersSection.swift; sourceTree = "<group>"; };
		07D322E5B20E4D2750F7EADB /* MeetingContextSnapshot.swift */ = {isa = PBXFileReference; lastKnownFileType = sourcecode.swift; path = MeetingContextSnapshot.swift; sourceTree = "<group>"; };
		0B2024E531F6BBEB821190EE /* .gitkeep */ = {isa = PBXFileReference; path = .gitkeep; sourceTree = "<group>"; };
		0D24EB93716734CA8BF8BF12 /* AuditLogStoreTests.swift */ = {isa = PBXFileReference; lastKnownFileType = sourcecode.swift; path = AuditLogStoreTests.swift; sourceTree = "<group>"; };
		0DAD2D250F707F55132C9E60 /* NotionValidationTests.swift */ = {isa = PBXFileReference; lastKnownFileType = sourcecode.swift; path = NotionValidationTests.swift; sourceTree = "<group>"; };
		0F8CB90038AF44E31E5DEBDC /* AuditLogView.swift */ = {isa = PBXFileReference; lastKnownFileType = sourcecode.swift; path = AuditLogView.swift; sourceTree = "<group>"; };
		108C06A1DC6694146E00D0C8 /* TranscriptionClient.swift */ = {isa = PBXFileReference; lastKnownFileType = sourcecode.swift; path = TranscriptionClient.swift; sourceTree = "<group>"; };
		1496A58E4D80E63C3314D709 /* AuditLogEntry.swift */ = {isa = PBXFileReference; lastKnownFileType = sourcecode.swift; path = AuditLogEntry.swift; sourceTree = "<group>"; };
		16F5FB2169CF5FC8AF6C35D4 /* AppSettingsNotionTests.swift */ = {isa = PBXFileReference; lastKnownFileType = sourcecode.swift; path = AppSettingsNotionTests.swift; sourceTree = "<group>"; };
		17687F46D7A0781669E5CC9F /* NotionClient.swift */ = {isa = PBXFileReference; lastKnownFileType = sourcecode.swift; path = NotionClient.swift; sourceTree = "<group>"; };
		1C6FD0A84281D5E1073A427A /* PipelineIntegrationTests.swift */ = {isa = PBXFileReference; lastKnownFileType = sourcecode.swift; path = PipelineIntegrationTests.swift; sourceTree = "<group>"; };
		1D64B96BCD219453E291C3CE /* Release.xcconfig */ = {isa = PBXFileReference; lastKnownFileType = text.xcconfig; path = Release.xcconfig; sourceTree = "<group>"; };
		1E486522DE41FE6A2FC00432 /* InMemoryKeychain.swift */ = {isa = PBXFileReference; lastKnownFileType = sourcecode.swift; path = InMemoryKeychain.swift; sourceTree = "<group>"; };
		20D35F1E4B0F180010FC1B95 /* TranscriptionRequest.swift */ = {isa = PBXFileReference; lastKnownFileType = sourcecode.swift; path = TranscriptionRequest.swift; sourceTree = "<group>"; };
		216AE69DA548C428D23109BD /* AuditLogStore.swift */ = {isa = PBXFileReference; lastKnownFileType = sourcecode.swift; path = AuditLogStore.swift; sourceTree = "<group>"; };
		22C42612B0049F198E133EC8 /* NotionClientIntegrationTests.swift */ = {isa = PBXFileReference; lastKnownFileType = sourcecode.swift; path = NotionClientIntegrationTests.swift; sourceTree = "<group>"; };
		23DDF92BCE9AF688ADECFAD4 /* MeetingStartInputsTests.swift */ = {isa = PBXFileReference; lastKnownFileType = sourcecode.swift; path = MeetingStartInputsTests.swift; sourceTree = "<group>"; };
		2479C787A5E076F8674DEC7B /* implementation-plan.md */ = {isa = PBXFileReference; lastKnownFileType = net.daringfireball.markdown; path = "implementation-plan.md"; sourceTree = "<group>"; };
		24F0F6ACC45D645FC0F78CA0 /* KeychainFileStorageTests.swift */ = {isa = PBXFileReference; lastKnownFileType = sourcecode.swift; path = KeychainFileStorageTests.swift; sourceTree = "<group>"; };
		2541231F60251CDCDF95AD02 /* KeychainTests.swift */ = {isa = PBXFileReference; lastKnownFileType = sourcecode.swift; path = KeychainTests.swift; sourceTree = "<group>"; };
		287757359CA389D80C39B9B5 /* MockURLProtocol.swift */ = {isa = PBXFileReference; lastKnownFileType = sourcecode.swift; path = MockURLProtocol.swift; sourceTree = "<group>"; };
		2D851A917E0166D0A2E4EA7F /* .gitkeep */ = {isa = PBXFileReference; path = .gitkeep; sourceTree = "<group>"; };
		2EA2643A6257C44B8096C300 /* ProcessingPipeline.swift */ = {isa = PBXFileReference; lastKnownFileType = sourcecode.swift; path = ProcessingPipeline.swift; sourceTree = "<group>"; };
		2F7D3B580D5B24D98F56A33A /* MainWindowTabTests.swift */ = {isa = PBXFileReference; lastKnownFileType = sourcecode.swift; path = MainWindowTabTests.swift; sourceTree = "<group>"; };
		34AA6CF1A547837C46055D56 /* EndToEndIntegrationTests.swift */ = {isa = PBXFileReference; lastKnownFileType = sourcecode.swift; path = EndToEndIntegrationTests.swift; sourceTree = "<group>"; };
		3655D3BF86D9C2822621BF58 /* HotkeyRegistrar.swift */ = {isa = PBXFileReference; lastKnownFileType = sourcecode.swift; path = HotkeyRegistrar.swift; sourceTree = "<group>"; };
		3716163D53B77C131C18B69C /* HotkeySection.swift */ = {isa = PBXFileReference; lastKnownFileType = sourcecode.swift; path = HotkeySection.swift; sourceTree = "<group>"; };
		37FBC904679D5AEA3415B98C /* ContextCompiler.swift */ = {isa = PBXFileReference; lastKnownFileType = sourcecode.swift; path = ContextCompiler.swift; sourceTree = "<group>"; };
		3888B9339776CACE535A6614 /* CurrentMeetingEditorView.swift */ = {isa = PBXFileReference; lastKnownFileType = sourcecode.swift; path = CurrentMeetingEditorView.swift; sourceTree = "<group>"; };
		3889E4CC81BA16539834D4C0 /* TranscriptsViewModelTests.swift */ = {isa = PBXFileReference; lastKnownFileType = sourcecode.swift; path = TranscriptsViewModelTests.swift; sourceTree = "<group>"; };
		3B35E4DD77ED1A145CC32D05 /* AudioHijackPresenceTests.swift */ = {isa = PBXFileReference; lastKnownFileType = sourcecode.swift; path = AudioHijackPresenceTests.swift; sourceTree = "<group>"; };
		3BBEFBD0799076D336165C83 /* AuditLogRow.swift */ = {isa = PBXFileReference; lastKnownFileType = sourcecode.swift; path = AuditLogRow.swift; sourceTree = "<group>"; };
		3C5EBFFCB4EC3CCC8C92EFE7 /* OrganizationDetailView.swift */ = {isa = PBXFileReference; lastKnownFileType = sourcecode.swift; path = OrganizationDetailView.swift; sourceTree = "<group>"; };
		3F333064B15F8FD98F1C0D38 /* .gitkeep */ = {isa = PBXFileReference; path = .gitkeep; sourceTree = "<group>"; };
		44EC94296A6BFE79BDFC39DA /* TranscriptsView.swift */ = {isa = PBXFileReference; lastKnownFileType = sourcecode.swift; path = TranscriptsView.swift; sourceTree = "<group>"; };
		4775FFA7D67C78B575F79898 /* project.yml */ = {isa = PBXFileReference; lastKnownFileType = text.yaml; path = project.yml; sourceTree = "<group>"; };
		4CB55A7C13113AE3CBA0BEB7 /* coding-instructions.md */ = {isa = PBXFileReference; lastKnownFileType = net.daringfireball.markdown; path = "coding-instructions.md"; sourceTree = "<group>"; };
		515AD813A8FC1D4B8B254A95 /* OrganizationStoreIntegrationTests.swift */ = {isa = PBXFileReference; lastKnownFileType = sourcecode.swift; path = OrganizationStoreIntegrationTests.swift; sourceTree = "<group>"; };
		5195BF3C1B0275AA6723CC1B /* implementation-plan_notion_v2026_05_28.md */ = {isa = PBXFileReference; lastKnownFileType = net.daringfireball.markdown; path = "implementation-plan_notion_v2026_05_28.md"; sourceTree = "<group>"; };
		54ACE6CD87EB510571F413C2 /* SettingsFeatureSmokeTests.swift */ = {isa = PBXFileReference; lastKnownFileType = sourcecode.swift; path = SettingsFeatureSmokeTests.swift; sourceTree = "<group>"; };
		55150BB151646F699DEA1E9C /* MenuBarController.swift */ = {isa = PBXFileReference; lastKnownFileType = sourcecode.swift; path = MenuBarController.swift; sourceTree = "<group>"; };
		57CBEEB128198DC8D2EC31AB /* AppVersionTests.swift */ = {isa = PBXFileReference; lastKnownFileType = sourcecode.swift; path = AppVersionTests.swift; sourceTree = "<group>"; };
		584B402E54D50A00F4CF479E /* ContextCompilerBudget.swift */ = {isa = PBXFileReference; lastKnownFileType = sourcecode.swift; path = ContextCompilerBudget.swift; sourceTree = "<group>"; };
		5B961E8867412B55ACBEB9EB /* OrganizationStore.swift */ = {isa = PBXFileReference; lastKnownFileType = sourcecode.swift; path = OrganizationStore.swift; sourceTree = "<group>"; };
		5E1750C6E87DC2147D8377B2 /* StubMeetingStartPrompter.swift */ = {isa = PBXFileReference; lastKnownFileType = sourcecode.swift; path = StubMeetingStartPrompter.swift; sourceTree = "<group>"; };
		5E55B10B3244B2B33BB937AC /* MeetingFolderRow.swift */ = {isa = PBXFileReference; lastKnownFileType = sourcecode.swift; path = MeetingFolderRow.swift; sourceTree = "<group>"; };
		5FDB899C6C4EC86762403B27 /* TranscriptionClientIntegrationTests.swift */ = {isa = PBXFileReference; lastKnownFileType = sourcecode.swift; path = TranscriptionClientIntegrationTests.swift; sourceTree = "<group>"; };
		5FFF6D759A190A5810932745 /* SparkleUpdater.swift */ = {isa = PBXFileReference; lastKnownFileType = sourcecode.swift; path = SparkleUpdater.swift; sourceTree = "<group>"; };
		61D6611F43F01B87EA684EC2 /* FileOrganizerIntegrationTests.swift */ = {isa = PBXFileReference; lastKnownFileType = sourcecode.swift; path = FileOrganizerIntegrationTests.swift; sourceTree = "<group>"; };
		62F77DD49571BC26F1471F0B /* MeetingContextSanitizerTests.swift */ = {isa = PBXFileReference; lastKnownFileType = sourcecode.swift; path = MeetingContextSanitizerTests.swift; sourceTree = "<group>"; };
		63904256978BB005A3739559 /* Jot.entitlements */ = {isa = PBXFileReference; lastKnownFileType = text.plist.entitlements; path = Jot.entitlements; sourceTree = "<group>"; };
		63F09C2FFA0D35CD63FD6833 /* LoginItemControllerTests.swift */ = {isa = PBXFileReference; lastKnownFileType = sourcecode.swift; path = LoginItemControllerTests.swift; sourceTree = "<group>"; };
		63F68508AF4D41033A42CE3C /* CurrentMeetingEditingIntegrationTests.swift */ = {isa = PBXFileReference; lastKnownFileType = sourcecode.swift; path = CurrentMeetingEditingIntegrationTests.swift; sourceTree = "<group>"; };
		650C068973B8CBDB74CFE6A4 /* .gitkeep */ = {isa = PBXFileReference; path = .gitkeep; sourceTree = "<group>"; };
		6731DA96C0D07E749082ACE9 /* FakeLoginItemControlling.swift */ = {isa = PBXFileReference; lastKnownFileType = sourcecode.swift; path = FakeLoginItemControlling.swift; sourceTree = "<group>"; };
		67EC6066A23E8621F7F4BC6C /* .gitkeep */ = {isa = PBXFileReference; path = .gitkeep; sourceTree = "<group>"; };
		68559F817B92B676B8947AA9 /* MeetingStartPrompter.swift */ = {isa = PBXFileReference; lastKnownFileType = sourcecode.swift; path = MeetingStartPrompter.swift; sourceTree = "<group>"; };
		6873D091A11EE8D681512469 /* ShortcutInvoker.swift */ = {isa = PBXFileReference; lastKnownFileType = sourcecode.swift; path = ShortcutInvoker.swift; sourceTree = "<group>"; };
		69ACEF2BDA7EA08CD8719374 /* JotTests.xctest */ = {isa = PBXFileReference; explicitFileType = wrapper.cfbundle; includeInIndex = 0; path = JotTests.xctest; sourceTree = BUILT_PRODUCTS_DIR; };
		6A6DE1E88DB26D4CEF759D93 /* SystemSection.swift */ = {isa = PBXFileReference; lastKnownFileType = sourcecode.swift; path = SystemSection.swift; sourceTree = "<group>"; };
		6C52DECAD9EEB09355E1BC87 /* NotionErrorMappingTests.swift */ = {isa = PBXFileReference; lastKnownFileType = sourcecode.swift; path = NotionErrorMappingTests.swift; sourceTree = "<group>"; };
		6CED4791D1BA89CAF006D804 /* AppSettingsIntegrationTests.swift */ = {isa = PBXFileReference; lastKnownFileType = sourcecode.swift; path = AppSettingsIntegrationTests.swift; sourceTree = "<group>"; };
		6DE3A8927A79D1A30FBA1E14 /* SettingsLayout.swift */ = {isa = PBXFileReference; lastKnownFileType = sourcecode.swift; path = SettingsLayout.swift; sourceTree = "<group>"; };
		6E76D647F9761C3C06836450 /* MenuBarControllerTests.swift */ = {isa = PBXFileReference; lastKnownFileType = sourcecode.swift; path = MenuBarControllerTests.swift; sourceTree = "<group>"; };
		6F81143C80A9FC0C13DFB362 /* FileOrganizerContextTests.swift */ = {isa = PBXFileReference; lastKnownFileType = sourcecode.swift; path = FileOrganizerContextTests.swift; sourceTree = "<group>"; };
		70243DAC8CB16B5A2A6703E6 /* SupportedAudioType.swift */ = {isa = PBXFileReference; lastKnownFileType = sourcecode.swift; path = SupportedAudioType.swift; sourceTree = "<group>"; };
		70335DFB54D4A0FA6A73BD50 /* Keychain.swift */ = {isa = PBXFileReference; lastKnownFileType = sourcecode.swift; path = Keychain.swift; sourceTree = "<group>"; };
		70E0F6FA400E6FD58AFAE8F7 /* PipelineState.swift */ = {isa = PBXFileReference; lastKnownFileType = sourcecode.swift; path = PipelineState.swift; sourceTree = "<group>"; };
		7185FDCA31FF264964BC562D /* NotionConfig.swift */ = {isa = PBXFileReference; lastKnownFileType = sourcecode.swift; path = NotionConfig.swift; sourceTree = "<group>"; };
		756CDD59DF57208445CE080C /* CreateNotionMeeting_PRD_2026_05_28.md */ = {isa = PBXFileReference; lastKnownFileType = net.daringfireball.markdown; path = CreateNotionMeeting_PRD_2026_05_28.md; sourceTree = "<group>"; };
		78A86F1ADBC2862697A84BDA /* MainWindow.swift */ = {isa = PBXFileReference; lastKnownFileType = sourcecode.swift; path = MainWindow.swift; sourceTree = "<group>"; };
		78E0C908B58D3FB78E7FE33D /* AppVersion.swift */ = {isa = PBXFileReference; lastKnownFileType = sourcecode.swift; path = AppVersion.swift; sourceTree = "<group>"; };
		7B3A79FDF67A0E0BFFD090A3 /* README.md */ = {isa = PBXFileReference; lastKnownFileType = net.daringfireball.markdown; path = README.md; sourceTree = "<group>"; };
		7B9A5EF8EA56F3986F44485B /* AudioHijackPresence.swift */ = {isa = PBXFileReference; lastKnownFileType = sourcecode.swift; path = AudioHijackPresence.swift; sourceTree = "<group>"; };
		7BCEB820CED1AD51E75B3BBB /* DebugMode.swift */ = {isa = PBXFileReference; lastKnownFileType = sourcecode.swift; path = DebugMode.swift; sourceTree = "<group>"; };
		7F8706CA0A472D88DA09E8DC /* Jot.app */ = {isa = PBXFileReference; explicitFileType = wrapper.application; includeInIndex = 0; path = Jot.app; sourceTree = BUILT_PRODUCTS_DIR; };
		835DFD92489590195327E5D0 /* FileReadinessDetectorTests.swift */ = {isa = PBXFileReference; lastKnownFileType = sourcecode.swift; path = FileReadinessDetectorTests.swift; sourceTree = "<group>"; };
		8549355AFCCD5943FD32D966 /* MeetingTranscriber_PRD_v2026_05_27.md */ = {isa = PBXFileReference; lastKnownFileType = net.daringfireball.markdown; path = MeetingTranscriber_PRD_v2026_05_27.md; sourceTree = "<group>"; };
		85D7D085ECF0C2D44D33B1D0 /* DebugModeTests.swift */ = {isa = PBXFileReference; lastKnownFileType = sourcecode.swift; path = DebugModeTests.swift; sourceTree = "<group>"; };
		89019A012263DB9A106180B6 /* MeetingFolderTimestampTests.swift */ = {isa = PBXFileReference; lastKnownFileType = sourcecode.swift; path = MeetingFolderTimestampTests.swift; sourceTree = "<group>"; };
		8DB56050E77D0011B0CB1E6C /* AudioHijackController.swift */ = {isa = PBXFileReference; lastKnownFileType = sourcecode.swift; path = AudioHijackController.swift; sourceTree = "<group>"; };
		8E837917D8AFED1FE97C157E /* SettingsValidation.swift */ = {isa = PBXFileReference; lastKnownFileType = sourcecode.swift; path = SettingsValidation.swift; sourceTree = "<group>"; };
		8ED762D76E34859DC12CC07F /* CreateClaudeCodeMeetingNotes_PRD_2026_05_28.md */ = {isa = PBXFileReference; lastKnownFileType = net.daringfireball.markdown; path = CreateClaudeCodeMeetingNotes_PRD_2026_05_28.md; sourceTree = "<group>"; };
		8F11100474748353695B5D13 /* RecordingURLOpener.swift */ = {isa = PBXFileReference; lastKnownFileType = sourcecode.swift; path = RecordingURLOpener.swift; sourceTree = "<group>"; };
		908EE78B9C38578665E6EF12 /* NotionPageBuilder.swift */ = {isa = PBXFileReference; lastKnownFileType = sourcecode.swift; path = NotionPageBuilder.swift; sourceTree = "<group>"; };
		90E6AA96551146684933B40E /* FolderWatcher.swift */ = {isa = PBXFileReference; lastKnownFileType = sourcecode.swift; path = FolderWatcher.swift; sourceTree = "<group>"; };
		93926781707E170A6D578293 /* MeetingContextStore.swift */ = {isa = PBXFileReference; lastKnownFileType = sourcecode.swift; path = MeetingContextStore.swift; sourceTree = "<group>"; };
		950234DF973E94D0673ACA2E /* .gitkeep */ = {isa = PBXFileReference; path = .gitkeep; sourceTree = "<group>"; };
		95F9E11967B48E4D9666D28C /* PipelineCoordinatorTests.swift */ = {isa = PBXFileReference; lastKnownFileType = sourcecode.swift; path = PipelineCoordinatorTests.swift; sourceTree = "<group>"; };
		96EDA9B047ADB9182BE38A0E /* MeetingContextStoreTests.swift */ = {isa = PBXFileReference; lastKnownFileType = sourcecode.swift; path = MeetingContextStoreTests.swift; sourceTree = "<group>"; };
		977457B64140FDA43F9D78FA /* LoginItemManager.swift */ = {isa = PBXFileReference; lastKnownFileType = sourcecode.swift; path = LoginItemManager.swift; sourceTree = "<group>"; };
		982BFA5E4DA5C12D4CD53F6F /* AudioHijackControllerTests.swift */ = {isa = PBXFileReference; lastKnownFileType = sourcecode.swift; path = AudioHijackControllerTests.swift; sourceTree = "<group>"; };
		99DC6FEDFFD2FB8138842E61 /* PipelineCoordinator.swift */ = {isa = PBXFileReference; lastKnownFileType = sourcecode.swift; path = PipelineCoordinator.swift; sourceTree = "<group>"; };
		9A8CA80F8A0F5650DE74B9AB /* KeyComboTests.swift */ = {isa = PBXFileReference; lastKnownFileType = sourcecode.swift; path = KeyComboTests.swift; sourceTree = "<group>"; };
		9B96C3DE1F116495480AD2A4 /* HotkeyCoordinator.swift */ = {isa = PBXFileReference; lastKnownFileType = sourcecode.swift; path = HotkeyCoordinator.swift; sourceTree = "<group>"; };
		9DA782946750D9DEA55107CF /* NotionPagePayload.swift */ = {isa = PBXFileReference; lastKnownFileType = sourcecode.swift; path = NotionPagePayload.swift; sourceTree = "<group>"; };
		9EAF93821911970FB0B0009D /* ErrorInspector.swift */ = {isa = PBXFileReference; lastKnownFileType = sourcecode.swift; path = ErrorInspector.swift; sourceTree = "<group>"; };
		A203A21A1063FAB76C398B2A /* implementation-plan_v2026_05_27.md */ = {isa = PBXFileReference; lastKnownFileType = net.daringfireball.markdown; path = "implementation-plan_v2026_05_27.md"; sourceTree = "<group>"; };
		A24D1E13AA7EB197F577B53B /* ProcessedFilesLedger.swift */ = {isa = PBXFileReference; lastKnownFileType = sourcecode.swift; path = ProcessedFilesLedger.swift; sourceTree = "<group>"; };
		A2E0816E3A3C42F6D6FAD27B /* ShortcutInvokerTests.swift */ = {isa = PBXFileReference; lastKnownFileType = sourcecode.swift; path = ShortcutInvokerTests.swift; sourceTree = "<group>"; };
		A3614E23671DB4243D4D1068 /* OrganizationsListView.swift */ = {isa = PBXFileReference; lastKnownFileType = sourcecode.swift; path = OrganizationsListView.swift; sourceTree = "<group>"; };
		A628D7CE4C84433FD80A1F1F /* TranscriptsViewModel.swift */ = {isa = PBXFileReference; lastKnownFileType = sourcecode.swift; path = TranscriptsViewModel.swift; sourceTree = "<group>"; };
		A7C91E47FE413998324B35EA /* TranscriptionErrorTests.swift */ = {isa = PBXFileReference; lastKnownFileType = sourcecode.swift; path = TranscriptionErrorTests.swift; sourceTree = "<group>"; };
		AB382FBCEBAF77FCCB8ACCE1 /* FileReadinessDetector.swift */ = {isa = PBXFileReference; lastKnownFileType = sourcecode.swift; path = FileReadinessDetector.swift; sourceTree = "<group>"; };
		AD97569419A9B33EAAB81467 /* AppSettingsTests.swift */ = {isa = PBXFileReference; lastKnownFileType = sourcecode.swift; path = AppSettingsTests.swift; sourceTree = "<group>"; };
		ADF8F0C0794CB36FA47E3E8C /* AddContext_PRD_2026_05_28.md */ = {isa = PBXFileReference; lastKnownFileType = net.daringfireball.markdown; path = AddContext_PRD_2026_05_28.md; sourceTree = "<group>"; };
		AE3DA5B94EC022A41E0B2FA2 /* TranscriptionError.swift */ = {isa = PBXFileReference; lastKnownFileType = sourcecode.swift; path = TranscriptionError.swift; sourceTree = "<group>"; };
		AEC989DB960B7D1987E6E703 /* .gitkeep */ = {isa = PBXFileReference; path = .gitkeep; sourceTree = "<group>"; };
		B1B9339643FC3CFAAF11D16F /* AudioHijackBlock.swift */ = {isa = PBXFileReference; lastKnownFileType = sourcecode.swift; path = AudioHijackBlock.swift; sourceTree = "<group>"; };
		B1C339504980873040A57243 /* MeetingStartInputs.swift */ = {isa = PBXFileReference; lastKnownFileType = sourcecode.swift; path = MeetingStartInputs.swift; sourceTree = "<group>"; };
		B29B601640530CAB3CDD3925 /* Log.swift */ = {isa = PBXFileReference; lastKnownFileType = sourcecode.swift; path = Log.swift; sourceTree = "<group>"; };
		B418CE014EE8966E75A279BE /* ProcessedFilesLedgerTests.swift */ = {isa = PBXFileReference; lastKnownFileType = sourcecode.swift; path = ProcessedFilesLedgerTests.swift; sourceTree = "<group>"; };
		B55A106540854AF87509629B /* ErrorInspectorTests.swift */ = {isa = PBXFileReference; lastKnownFileType = sourcecode.swift; path = ErrorInspectorTests.swift; sourceTree = "<group>"; };
		B56F25A5CF658067BBAF845F /* extensions.json */ = {isa = PBXFileReference; lastKnownFileType = text.json; path = extensions.json; sourceTree = "<group>"; };
		B5B4C6E03309CF3B931A14F5 /* SettingsValidationTests.swift */ = {isa = PBXFileReference; lastKnownFileType = sourcecode.swift; path = SettingsValidationTests.swift; sourceTree = "<group>"; };
		B67204B05050DB0247030871 /* Backlog.md */ = {isa = PBXFileReference; lastKnownFileType = net.daringfireball.markdown; path = Backlog.md; sourceTree = "<group>"; };
		B7432951F87B16ADC1E3A8D3 /* development-lifecycle.md */ = {isa = PBXFileReference; lastKnownFileType = net.daringfireball.markdown; path = "development-lifecycle.md"; sourceTree = "<group>"; };
		B76D84B63DCF294129CED91C /* OrganizationTests.swift */ = {isa = PBXFileReference; lastKnownFileType = sourcecode.swift; path = OrganizationTests.swift; sourceTree = "<group>"; };
		B99FEEA8519663736DEA1B19 /* Organization.swift */ = {isa = PBXFileReference; lastKnownFileType = sourcecode.swift; path = Organization.swift; sourceTree = "<group>"; };
		C365A5583904424FBDE8A9F9 /* OrganizationValidation.swift */ = {isa = PBXFileReference; lastKnownFileType = sourcecode.swift; path = OrganizationValidation.swift; sourceTree = "<group>"; };
		C47C04845FCB9ED5E44C2103 /* NotionError.swift */ = {isa = PBXFileReference; lastKnownFileType = sourcecode.swift; path = NotionError.swift; sourceTree = "<group>"; };
		C519F9CF84187BD497A1BA35 /* SupportedAudioTypeTests.swift */ = {isa = PBXFileReference; lastKnownFileType = sourcecode.swift; path = SupportedAudioTypeTests.swift; sourceTree = "<group>"; };
		C84DF0EC584BDA330A171210 /* ErrorInspectorView.swift */ = {isa = PBXFileReference; lastKnownFileType = sourcecode.swift; path = ErrorInspectorView.swift; sourceTree = "<group>"; };
		CC9A6D59ED6C7C2BD6977C0B /* CLAUDE.md */ = {isa = PBXFileReference; lastKnownFileType = net.daringfireball.markdown; path = CLAUDE.md; sourceTree = "<group>"; };
		CF7C349C6EB555B97BFA6D2C /* EphemeralUserDefaults.swift */ = {isa = PBXFileReference; lastKnownFileType = sourcecode.swift; path = EphemeralUserDefaults.swift; sourceTree = "<group>"; };
		CFEE911E36C438017A76E1D7 /* ContextCompilerTests.swift */ = {isa = PBXFileReference; lastKnownFileType = sourcecode.swift; path = ContextCompilerTests.swift; sourceTree = "<group>"; };
		D45A397E2413FEFB1C2BF1E3 /* HotkeyCoordinatorTests.swift */ = {isa = PBXFileReference; lastKnownFileType = sourcecode.swift; path = HotkeyCoordinatorTests.swift; sourceTree = "<group>"; };
		D91746CCF9ADAEE0ED96867C /* APIConfigSection.swift */ = {isa = PBXFileReference; lastKnownFileType = sourcecode.swift; path = APIConfigSection.swift; sourceTree = "<group>"; };
		D98B6DCC6159624129E01417 /* OrganizationsView.swift */ = {isa = PBXFileReference; lastKnownFileType = sourcecode.swift; path = OrganizationsView.swift; sourceTree = "<group>"; };
		D9BAB30896C6063034BED577 /* .gitignore */ = {isa = PBXFileReference; path = .gitignore; sourceTree = "<group>"; };
		DA7DE2FAD0613AA70E1E03BF /* FileOrganizerTests.swift */ = {isa = PBXFileReference; lastKnownFileType = sourcecode.swift; path = FileOrganizerTests.swift; sourceTree = "<group>"; };
		DD904737C73D933987E7FA62 /* FolderWatcherIntegrationTests.swift */ = {isa = PBXFileReference; lastKnownFileType = sourcecode.swift; path = FolderWatcherIntegrationTests.swift; sourceTree = "<group>"; };
		DE422C52097ADA78653A6A23 /* MeetingContextSnapshotTests.swift */ = {isa = PBXFileReference; lastKnownFileType = sourcecode.swift; path = MeetingContextSnapshotTests.swift; sourceTree = "<group>"; };
		DE78579A0770A9187E23B3EF /* MeetingFolder.swift */ = {isa = PBXFileReference; lastKnownFileType = sourcecode.swift; path = MeetingFolder.swift; sourceTree = "<group>"; };
		DF5852AA7796E4BAEF5AB484 /* SettingsView.swift */ = {isa = PBXFileReference; lastKnownFileType = sourcecode.swift; path = SettingsView.swift; sourceTree = "<group>"; };
		E04F2CEE8ECD78A7D007FF39 /* LoginItemController.swift */ = {isa = PBXFileReference; lastKnownFileType = sourcecode.swift; path = LoginItemController.swift; sourceTree = "<group>"; };
		E34E0C5703BC211DE2129465 /* .gitkeep */ = {isa = PBXFileReference; path = .gitkeep; sourceTree = "<group>"; };
		E43B740D303F1F18F5A48671 /* RecordingWorkspaceActions.swift */ = {isa = PBXFileReference; lastKnownFileType = sourcecode.swift; path = RecordingWorkspaceActions.swift; sourceTree = "<group>"; };
		E45E606177953D0CF08F3549 /* .gitkeep */ = {isa = PBXFileReference; path = .gitkeep; sourceTree = "<group>"; };
		E615560456029811A82F1D82 /* OrganizationValidationTests.swift */ = {isa = PBXFileReference; lastKnownFileType = sourcecode.swift; path = OrganizationValidationTests.swift; sourceTree = "<group>"; };
		E685A8FFD7C584092A918648 /* implementation-plan_addContext_v2026_05_28.md */ = {isa = PBXFileReference; lastKnownFileType = net.daringfireball.markdown; path = "implementation-plan_addContext_v2026_05_28.md"; sourceTree = "<group>"; };
		E68A426A790FAC9E086AE130 /* FileOrganizer.swift */ = {isa = PBXFileReference; lastKnownFileType = sourcecode.swift; path = FileOrganizer.swift; sourceTree = "<group>"; };
		EA29F37033552696809DF5C5 /* KeyCombo.swift */ = {isa = PBXFileReference; lastKnownFileType = sourcecode.swift; path = KeyCombo.swift; sourceTree = "<group>"; };
		EB8800D9AA11CD4447D95AD9 /* AcronymEntry.swift */ = {isa = PBXFileReference; lastKnownFileType = sourcecode.swift; path = AcronymEntry.swift; sourceTree = "<group>"; };
		EBA0F84BDC3CF425D094A331 /* JotApp.swift */ = {isa = PBXFileReference; lastKnownFileType = sourcecode.swift; path = JotApp.swift; sourceTree = "<group>"; };
		ED7F7D89E177E561577A3FFF /* AuditLogEntryTests.swift */ = {isa = PBXFileReference; lastKnownFileType = sourcecode.swift; path = AuditLogEntryTests.swift; sourceTree = "<group>"; };
		EE385C18A6EB5FD953A55E6F /* NotionPageBuilderTests.swift */ = {isa = PBXFileReference; lastKnownFileType = sourcecode.swift; path = NotionPageBuilderTests.swift; sourceTree = "<group>"; };
		EE760F18033D66D954F7CF78 /* Debug.xcconfig */ = {isa = PBXFileReference; lastKnownFileType = text.xcconfig; path = Debug.xcconfig; sourceTree = "<group>"; };
		EF6FD43A40A3969B3D43637B /* NotionValidation.swift */ = {isa = PBXFileReference; lastKnownFileType = sourcecode.swift; path = NotionValidation.swift; sourceTree = "<group>"; };
		F91CC4B1DBFCD101830B93F5 /* AppSettings.swift */ = {isa = PBXFileReference; lastKnownFileType = sourcecode.swift; path = AppSettings.swift; sourceTree = "<group>"; };
		FA2061D47F5C2898662DF08B /* Assets.xcassets */ = {isa = PBXFileReference; lastKnownFileType = folder.assetcatalog; path = Assets.xcassets; sourceTree = "<group>"; };
		FD1F69306197E96589E63350 /* FakeHotkeyRegistrar.swift */ = {isa = PBXFileReference; lastKnownFileType = sourcecode.swift; path = FakeHotkeyRegistrar.swift; sourceTree = "<group>"; };
/* End PBXFileReference section */

/* Begin PBXFrameworksBuildPhase section */
		CECC998285A097708CD1845D /* Frameworks */ = {
			isa = PBXFrameworksBuildPhase;
			buildActionMask = 2147483647;
			files = (
				E627399561B1AC9DAB0B0408 /* Sparkle in Frameworks */,
			);
			runOnlyForDeploymentPostprocessing = 0;
		};
/* End PBXFrameworksBuildPhase section */

/* Begin PBXGroup section */
		0A2C61B27442E91C9E8B3B92 /* Transcripts */ = {
			isa = PBXGroup;
			children = (
				3889E4CC81BA16539834D4C0 /* TranscriptsViewModelTests.swift */,
			);
			path = Transcripts;
			sourceTree = "<group>";
		};
		0BB1CF55C3FB5ECC4C9E4E13 /* Watcher */ = {
			isa = PBXGroup;
			children = (
				E34E0C5703BC211DE2129465 /* .gitkeep */,
				AB382FBCEBAF77FCCB8ACCE1 /* FileReadinessDetector.swift */,
				90E6AA96551146684933B40E /* FolderWatcher.swift */,
				A24D1E13AA7EB197F577B53B /* ProcessedFilesLedger.swift */,
				70243DAC8CB16B5A2A6703E6 /* SupportedAudioType.swift */,
			);
			path = Watcher;
			sourceTree = "<group>";
		};
		0EF6738BEA1C773D87A29F78 /* .vscode */ = {
			isa = PBXGroup;
			children = (
				B56F25A5CF658067BBAF845F /* extensions.json */,
			);
			path = .vscode;
			sourceTree = "<group>";
		};
		123A1576F94B791F66954C4A /* Notion */ = {
			isa = PBXGroup;
			children = (
				22C42612B0049F198E133EC8 /* NotionClientIntegrationTests.swift */,
				6C52DECAD9EEB09355E1BC87 /* NotionErrorMappingTests.swift */,
				EE385C18A6EB5FD953A55E6F /* NotionPageBuilderTests.swift */,
				0DAD2D250F707F55132C9E60 /* NotionValidationTests.swift */,
			);
			path = Notion;
			sourceTree = "<group>";
		};
		173D087739A521317D6544D2 /* JotTests */ = {
			isa = PBXGroup;
			children = (
				B2A2E9EB5ED32935CB8CF7C7 /* Core */,
				DC537C78E73F379D89C23E03 /* Features */,
				E50AC1E10C76C5F3C9A7FE02 /* Helpers */,
			);
			path = JotTests;
			sourceTree = "<group>";
		};
		19F1045109686738C87AC4F5 /* Debug */ = {
			isa = PBXGroup;
			children = (
				7BCEB820CED1AD51E75B3BBB /* DebugMode.swift */,
			);
			path = Debug;
			sourceTree = "<group>";
		};
		1C96226E64CCFFAEA2049A5C /* Config */ = {
			isa = PBXGroup;
			children = (
				EE760F18033D66D954F7CF78 /* Debug.xcconfig */,
				1D64B96BCD219453E291C3CE /* Release.xcconfig */,
			);
			path = Config;
			sourceTree = "<group>";
		};
		1E74FA28D2E6ED52358CEF25 /* Organizations */ = {
			isa = PBXGroup;
			children = (
				515AD813A8FC1D4B8B254A95 /* OrganizationStoreIntegrationTests.swift */,
				B76D84B63DCF294129CED91C /* OrganizationTests.swift */,
				E615560456029811A82F1D82 /* OrganizationValidationTests.swift */,
			);
			path = Organizations;
			sourceTree = "<group>";
		};
		21DEB2648B257236271570A1 /* Transcripts */ = {
			isa = PBXGroup;
			children = (
				DE78579A0770A9187E23B3EF /* MeetingFolder.swift */,
				5E55B10B3244B2B33BB937AC /* MeetingFolderRow.swift */,
				44EC94296A6BFE79BDFC39DA /* TranscriptsView.swift */,
				A628D7CE4C84433FD80A1F1F /* TranscriptsViewModel.swift */,
			);
			path = Transcripts;
			sourceTree = "<group>";
		};
		2662DB7F70702632B0247607 /* Jot */ = {
			isa = PBXGroup;
			children = (
				1C96226E64CCFFAEA2049A5C /* Config */,
				AFD24E62541B34B3177A61C3 /* Core */,
				ED33363902EF7E343BC2C086 /* Features */,
				C5F239C6A10D78DF03B3FCC7 /* Shared */,
				FA2061D47F5C2898662DF08B /* Assets.xcassets */,
				0466A43A689B0FCA32F6DF97 /* Info.plist */,
				63904256978BB005A3739559 /* Jot.entitlements */,
				EBA0F84BDC3CF425D094A331 /* JotApp.swift */,
			);
			path = Jot;
			sourceTree = "<group>";
		};
		278B24242E95F986632F2D1D /* AudioHijack */ = {
			isa = PBXGroup;
			children = (
				982BFA5E4DA5C12D4CD53F6F /* AudioHijackControllerTests.swift */,
				3B35E4DD77ED1A145CC32D05 /* AudioHijackPresenceTests.swift */,
				23DDF92BCE9AF688ADECFAD4 /* MeetingStartInputsTests.swift */,
			);
			path = AudioHijack;
			sourceTree = "<group>";
		};
		2871AA5E83FE606AC8E4631C /* LoginItem */ = {
			isa = PBXGroup;
			children = (
				3F333064B15F8FD98F1C0D38 /* .gitkeep */,
				E04F2CEE8ECD78A7D007FF39 /* LoginItemController.swift */,
				977457B64140FDA43F9D78FA /* LoginItemManager.swift */,
			);
			path = LoginItem;
			sourceTree = "<group>";
		};
		2CDB6F0CF7107E1A7016CD07 /* ErrorInspector */ = {
			isa = PBXGroup;
			children = (
				9EAF93821911970FB0B0009D /* ErrorInspector.swift */,
				C84DF0EC584BDA330A171210 /* ErrorInspectorView.swift */,
			);
			path = ErrorInspector;
			sourceTree = "<group>";
		};
		369B09333458BE6E4A4984F0 /* Settings */ = {
			isa = PBXGroup;
			children = (
				54ACE6CD87EB510571F413C2 /* SettingsFeatureSmokeTests.swift */,
			);
			path = Settings;
			sourceTree = "<group>";
		};
		3A2D52B767C4616BAA050F10 /* Hotkey */ = {
			isa = PBXGroup;
			children = (
				D45A397E2413FEFB1C2BF1E3 /* HotkeyCoordinatorTests.swift */,
			);
			path = Hotkey;
			sourceTree = "<group>";
		};
		3CF76C47A69FBE79259464E0 /* Settings */ = {
			isa = PBXGroup;
			children = (
				6CED4791D1BA89CAF006D804 /* AppSettingsIntegrationTests.swift */,
				16F5FB2169CF5FC8AF6C35D4 /* AppSettingsNotionTests.swift */,
				AD97569419A9B33EAAB81467 /* AppSettingsTests.swift */,
				24F0F6ACC45D645FC0F78CA0 /* KeychainFileStorageTests.swift */,
				2541231F60251CDCDF95AD02 /* KeychainTests.swift */,
				9A8CA80F8A0F5650DE74B9AB /* KeyComboTests.swift */,
				B5B4C6E03309CF3B931A14F5 /* SettingsValidationTests.swift */,
			);
			path = Settings;
			sourceTree = "<group>";
		};
		475C0106A1ED76A3DDA219B1 /* Settings */ = {
			isa = PBXGroup;
			children = (
				650C068973B8CBDB74CFE6A4 /* .gitkeep */,
				F91CC4B1DBFCD101830B93F5 /* AppSettings.swift */,
				70335DFB54D4A0FA6A73BD50 /* Keychain.swift */,
				EA29F37033552696809DF5C5 /* KeyCombo.swift */,
				8E837917D8AFED1FE97C157E /* SettingsValidation.swift */,
			);
			path = Settings;
			sourceTree = "<group>";
		};
		5611032BF496945EBD516216 /* Updates */ = {
			isa = PBXGroup;
			children = (
			);
			path = Updates;
			sourceTree = "<group>";
		};
		56CBB7DAD4F34166E616171C /* Transcription */ = {
			isa = PBXGroup;
			children = (
				5FDB899C6C4EC86762403B27 /* TranscriptionClientIntegrationTests.swift */,
				A7C91E47FE413998324B35EA /* TranscriptionErrorTests.swift */,
				03CD42879A5E6DD978622963 /* TranscriptionRequestTests.swift */,
			);
			path = Transcription;
			sourceTree = "<group>";
		};
		5F548A24349D9E9FDB1F3694 /* archive */ = {
			isa = PBXGroup;
			children = (
				ADF8F0C0794CB36FA47E3E8C /* AddContext_PRD_2026_05_28.md */,
				8549355AFCCD5943FD32D966 /* MeetingTranscriber_PRD_v2026_05_27.md */,
			);
			path = archive;
			sourceTree = "<group>";
		};
		6E241E159AE34F3FF7FAD3E5 /* Shortcut */ = {
			isa = PBXGroup;
			children = (
				A2E0816E3A3C42F6D6FAD27B /* ShortcutInvokerTests.swift */,
			);
			path = Shortcut;
			sourceTree = "<group>";
		};
		6E53C37D5E2365B4F3839C63 = {
			isa = PBXGroup;
			children = (
				0EF6738BEA1C773D87A29F78 /* .vscode */,
				DD188ED66B7CC0B0CA0A28D5 /* Claude */,
				2662DB7F70702632B0247607 /* Jot */,
				173D087739A521317D6544D2 /* JotTests */,
				F3D51F34B4AE8AC761E12FDB /* PRD */,
				D9BAB30896C6063034BED577 /* .gitignore */,
				CC9A6D59ED6C7C2BD6977C0B /* CLAUDE.md */,
				4775FFA7D67C78B575F79898 /* project.yml */,
				7B3A79FDF67A0E0BFFD090A3 /* README.md */,
				CC1E4E01C7217031616028C3 /* Products */,
			);
			sourceTree = "<group>";
		};
		6E81605B2EFD333F8B683BC2 /* MeetingContext */ = {
			isa = PBXGroup;
			children = (
				CFEE911E36C438017A76E1D7 /* ContextCompilerTests.swift */,
				63F68508AF4D41033A42CE3C /* CurrentMeetingEditingIntegrationTests.swift */,
				34AA6CF1A547837C46055D56 /* EndToEndIntegrationTests.swift */,
				62F77DD49571BC26F1471F0B /* MeetingContextSanitizerTests.swift */,
				DE422C52097ADA78653A6A23 /* MeetingContextSnapshotTests.swift */,
				96EDA9B047ADB9182BE38A0E /* MeetingContextStoreTests.swift */,
			);
			path = MeetingContext;
			sourceTree = "<group>";
		};
		701FD85736086816B2178085 /* Debug */ = {
			isa = PBXGroup;
			children = (
				85D7D085ECF0C2D44D33B1D0 /* DebugModeTests.swift */,
			);
			path = Debug;
			sourceTree = "<group>";
		};
		73276A53EFDC4257D29AED67 /* AuditLog */ = {
			isa = PBXGroup;
			children = (
				ED7F7D89E177E561577A3FFF /* AuditLogEntryTests.swift */,
				0D24EB93716734CA8BF8BF12 /* AuditLogStoreTests.swift */,
			);
			path = AuditLog;
			sourceTree = "<group>";
		};
		76C90C8000BCDAB6888B5F6D /* Pipeline */ = {
			isa = PBXGroup;
			children = (
				6F81143C80A9FC0C13DFB362 /* FileOrganizerContextTests.swift */,
				61D6611F43F01B87EA684EC2 /* FileOrganizerIntegrationTests.swift */,
				DA7DE2FAD0613AA70E1E03BF /* FileOrganizerTests.swift */,
				89019A012263DB9A106180B6 /* MeetingFolderTimestampTests.swift */,
				95F9E11967B48E4D9666D28C /* PipelineCoordinatorTests.swift */,
				1C6FD0A84281D5E1073A427A /* PipelineIntegrationTests.swift */,
			);
			path = Pipeline;
			sourceTree = "<group>";
		};
		77EC5EFBA571BE265BAF8644 /* App */ = {
			isa = PBXGroup;
			children = (
				57CBEEB128198DC8D2EC31AB /* AppVersionTests.swift */,
				2F7D3B580D5B24D98F56A33A /* MainWindowTabTests.swift */,
				6E76D647F9761C3C06836450 /* MenuBarControllerTests.swift */,
			);
			path = App;
			sourceTree = "<group>";
		};
		7CDAE7DD4B5F4FF0F00B67F4 /* Watcher */ = {
			isa = PBXGroup;
			children = (
				835DFD92489590195327E5D0 /* FileReadinessDetectorTests.swift */,
				DD904737C73D933987E7FA62 /* FolderWatcherIntegrationTests.swift */,
				B418CE014EE8966E75A279BE /* ProcessedFilesLedgerTests.swift */,
				C519F9CF84187BD497A1BA35 /* SupportedAudioTypeTests.swift */,
			);
			path = Watcher;
			sourceTree = "<group>";
		};
		80CF6353BD0895DE5D053FA1 /* Settings */ = {
			isa = PBXGroup;
			children = (
				D91746CCF9ADAEE0ED96867C /* APIConfigSection.swift */,
				07437514C635B493E10FE7F4 /* FoldersSection.swift */,
				3716163D53B77C131C18B69C /* HotkeySection.swift */,
				6DE3A8927A79D1A30FBA1E14 /* SettingsLayout.swift */,
				DF5852AA7796E4BAEF5AB484 /* SettingsView.swift */,
				6A6DE1E88DB26D4CEF759D93 /* SystemSection.swift */,
			);
			path = Settings;
			sourceTree = "<group>";
		};
		8144D06F5B8A1ED7DFEBF047 /* Logging */ = {
			isa = PBXGroup;
			children = (
				02C058F285F9DAA22BCF89B6 /* .gitkeep */,
				B29B601640530CAB3CDD3925 /* Log.swift */,
			);
			path = Logging;
			sourceTree = "<group>";
		};
		965FC71CF91851F989B39CAC /* MeetingContext */ = {
			isa = PBXGroup;
			children = (
				37FBC904679D5AEA3415B98C /* ContextCompiler.swift */,
				584B402E54D50A00F4CF479E /* ContextCompilerBudget.swift */,
				3888B9339776CACE535A6614 /* CurrentMeetingEditorView.swift */,
				07D322E5B20E4D2750F7EADB /* MeetingContextSnapshot.swift */,
				93926781707E170A6D578293 /* MeetingContextStore.swift */,
			);
			path = MeetingContext;
			sourceTree = "<group>";
		};
		972446F059B51BEE819A6BCC /* Organizations */ = {
			isa = PBXGroup;
			children = (
				EB8800D9AA11CD4447D95AD9 /* AcronymEntry.swift */,
				B99FEEA8519663736DEA1B19 /* Organization.swift */,
				3C5EBFFCB4EC3CCC8C92EFE7 /* OrganizationDetailView.swift */,
				A3614E23671DB4243D4D1068 /* OrganizationsListView.swift */,
				5B961E8867412B55ACBEB9EB /* OrganizationStore.swift */,
				D98B6DCC6159624129E01417 /* OrganizationsView.swift */,
				C365A5583904424FBDE8A9F9 /* OrganizationValidation.swift */,
			);
			path = Organizations;
			sourceTree = "<group>";
		};
		9B3C2DC0EEBAAF32A79FDADC /* AudioHijack */ = {
			isa = PBXGroup;
			children = (
				B1B9339643FC3CFAAF11D16F /* AudioHijackBlock.swift */,
				8DB56050E77D0011B0CB1E6C /* AudioHijackController.swift */,
				7B9A5EF8EA56F3986F44485B /* AudioHijackPresence.swift */,
				B1C339504980873040A57243 /* MeetingStartInputs.swift */,
				68559F817B92B676B8947AA9 /* MeetingStartPrompter.swift */,
			);
			path = AudioHijack;
			sourceTree = "<group>";
		};
		AB4F80BA645D712E04D58553 /* LoginItem */ = {
			isa = PBXGroup;
			children = (
				63F09C2FFA0D35CD63FD6833 /* LoginItemControllerTests.swift */,
			);
			path = LoginItem;
			sourceTree = "<group>";
		};
		AFD24E62541B34B3177A61C3 /* Core */ = {
			isa = PBXGroup;
			children = (
				FE6CEF52E817D49B71FB6155 /* App */,
				19F1045109686738C87AC4F5 /* Debug */,
				8144D06F5B8A1ED7DFEBF047 /* Logging */,
				2871AA5E83FE606AC8E4631C /* LoginItem */,
				475C0106A1ED76A3DDA219B1 /* Settings */,
				C44FA2FB7C58D485D8055B94 /* Updates */,
			);
			path = Core;
			sourceTree = "<group>";
		};
		B2A2E9EB5ED32935CB8CF7C7 /* Core */ = {
			isa = PBXGroup;
			children = (
				77EC5EFBA571BE265BAF8644 /* App */,
				701FD85736086816B2178085 /* Debug */,
				AB4F80BA645D712E04D58553 /* LoginItem */,
				3CF76C47A69FBE79259464E0 /* Settings */,
				5611032BF496945EBD516216 /* Updates */,
			);
			path = Core;
			sourceTree = "<group>";
		};
		B85AC8A673A9BBEDC70F2EF2 /* archive */ = {
			isa = PBXGroup;
			children = (
				E685A8FFD7C584092A918648 /* implementation-plan_addContext_v2026_05_28.md */,
				A203A21A1063FAB76C398B2A /* implementation-plan_v2026_05_27.md */,
			);
			path = archive;
			sourceTree = "<group>";
		};
		C0D66BCC409985719EFB56FA /* Shortcut */ = {
			isa = PBXGroup;
			children = (
				E45E606177953D0CF08F3549 /* .gitkeep */,
				6873D091A11EE8D681512469 /* ShortcutInvoker.swift */,
			);
			path = Shortcut;
			sourceTree = "<group>";
		};
		C44FA2FB7C58D485D8055B94 /* Updates */ = {
			isa = PBXGroup;
			children = (
				2D851A917E0166D0A2E4EA7F /* .gitkeep */,
				5FFF6D759A190A5810932745 /* SparkleUpdater.swift */,
			);
			path = Updates;
			sourceTree = "<group>";
		};
		C5F239C6A10D78DF03B3FCC7 /* Shared */ = {
			isa = PBXGroup;
			children = (
				AEC989DB960B7D1987E6E703 /* .gitkeep */,
			);
			path = Shared;
			sourceTree = "<group>";
		};
		CC1E4E01C7217031616028C3 /* Products */ = {
			isa = PBXGroup;
			children = (
				7F8706CA0A472D88DA09E8DC /* Jot.app */,
				69ACEF2BDA7EA08CD8719374 /* JotTests.xctest */,
			);
			name = Products;
			sourceTree = "<group>";
		};
		DC537C78E73F379D89C23E03 /* Features */ = {
			isa = PBXGroup;
			children = (
				278B24242E95F986632F2D1D /* AudioHijack */,
				73276A53EFDC4257D29AED67 /* AuditLog */,
				FE06C68DC62C09020D2CAAA7 /* ErrorInspector */,
				3A2D52B767C4616BAA050F10 /* Hotkey */,
				6E81605B2EFD333F8B683BC2 /* MeetingContext */,
				123A1576F94B791F66954C4A /* Notion */,
				1E74FA28D2E6ED52358CEF25 /* Organizations */,
				76C90C8000BCDAB6888B5F6D /* Pipeline */,
				369B09333458BE6E4A4984F0 /* Settings */,
				6E241E159AE34F3FF7FAD3E5 /* Shortcut */,
				56CBB7DAD4F34166E616171C /* Transcription */,
				0A2C61B27442E91C9E8B3B92 /* Transcripts */,
				7CDAE7DD4B5F4FF0F00B67F4 /* Watcher */,
				0339E37A19A7EECFC019395F /* .gitkeep */,
			);
			path = Features;
			sourceTree = "<group>";
		};
		DD188ED66B7CC0B0CA0A28D5 /* Claude */ = {
			isa = PBXGroup;
			children = (
				B85AC8A673A9BBEDC70F2EF2 /* archive */,
				4CB55A7C13113AE3CBA0BEB7 /* coding-instructions.md */,
				B7432951F87B16ADC1E3A8D3 /* development-lifecycle.md */,
				5195BF3C1B0275AA6723CC1B /* implementation-plan_notion_v2026_05_28.md */,
				2479C787A5E076F8674DEC7B /* implementation-plan.md */,
			);
			path = Claude;
			sourceTree = "<group>";
		};
		E50AC1E10C76C5F3C9A7FE02 /* Helpers */ = {
			isa = PBXGroup;
			children = (
				CF7C349C6EB555B97BFA6D2C /* EphemeralUserDefaults.swift */,
				FD1F69306197E96589E63350 /* FakeHotkeyRegistrar.swift */,
				6731DA96C0D07E749082ACE9 /* FakeLoginItemControlling.swift */,
				1E486522DE41FE6A2FC00432 /* InMemoryKeychain.swift */,
				287757359CA389D80C39B9B5 /* MockURLProtocol.swift */,
				8F11100474748353695B5D13 /* RecordingURLOpener.swift */,
				E43B740D303F1F18F5A48671 /* RecordingWorkspaceActions.swift */,
				5E1750C6E87DC2147D8377B2 /* StubMeetingStartPrompter.swift */,
			);
			path = Helpers;
			sourceTree = "<group>";
		};
		EAC7B0EDE24408DBBECC062B /* Transcription */ = {
			isa = PBXGroup;
			children = (
				0B2024E531F6BBEB821190EE /* .gitkeep */,
				108C06A1DC6694146E00D0C8 /* TranscriptionClient.swift */,
				AE3DA5B94EC022A41E0B2FA2 /* TranscriptionError.swift */,
				20D35F1E4B0F180010FC1B95 /* TranscriptionRequest.swift */,
			);
			path = Transcription;
			sourceTree = "<group>";
		};
		ED33363902EF7E343BC2C086 /* Features */ = {
			isa = PBXGroup;
			children = (
				9B3C2DC0EEBAAF32A79FDADC /* AudioHijack */,
				EF2A7E8CBD9EB9F48692A24B /* AuditLog */,
				2CDB6F0CF7107E1A7016CD07 /* ErrorInspector */,
				F55E554440D60088CDD0EED2 /* Hotkey */,
				965FC71CF91851F989B39CAC /* MeetingContext */,
				FC92FB22DC662FED284AF1AA /* Notion */,
				972446F059B51BEE819A6BCC /* Organizations */,
				F1AC7A9AD5607DC3852D0770 /* Pipeline */,
				80CF6353BD0895DE5D053FA1 /* Settings */,
				C0D66BCC409985719EFB56FA /* Shortcut */,
				EAC7B0EDE24408DBBECC062B /* Transcription */,
				21DEB2648B257236271570A1 /* Transcripts */,
				0BB1CF55C3FB5ECC4C9E4E13 /* Watcher */,
			);
			path = Features;
			sourceTree = "<group>";
		};
		EF2A7E8CBD9EB9F48692A24B /* AuditLog */ = {
			isa = PBXGroup;
			children = (
				1496A58E4D80E63C3314D709 /* AuditLogEntry.swift */,
				3BBEFBD0799076D336165C83 /* AuditLogRow.swift */,
				216AE69DA548C428D23109BD /* AuditLogStore.swift */,
				0F8CB90038AF44E31E5DEBDC /* AuditLogView.swift */,
			);
			path = AuditLog;
			sourceTree = "<group>";
		};
		F1AC7A9AD5607DC3852D0770 /* Pipeline */ = {
			isa = PBXGroup;
			children = (
				67EC6066A23E8621F7F4BC6C /* .gitkeep */,
				E68A426A790FAC9E086AE130 /* FileOrganizer.swift */,
				99DC6FEDFFD2FB8138842E61 /* PipelineCoordinator.swift */,
				70E0F6FA400E6FD58AFAE8F7 /* PipelineState.swift */,
				2EA2643A6257C44B8096C300 /* ProcessingPipeline.swift */,
			);
			path = Pipeline;
			sourceTree = "<group>";
		};
		F3D51F34B4AE8AC761E12FDB /* PRD */ = {
			isa = PBXGroup;
			children = (
				5F548A24349D9E9FDB1F3694 /* archive */,
				B67204B05050DB0247030871 /* Backlog.md */,
				8ED762D76E34859DC12CC07F /* CreateClaudeCodeMeetingNotes_PRD_2026_05_28.md */,
				756CDD59DF57208445CE080C /* CreateNotionMeeting_PRD_2026_05_28.md */,
			);
			path = PRD;
			sourceTree = "<group>";
		};
		F55E554440D60088CDD0EED2 /* Hotkey */ = {
			isa = PBXGroup;
			children = (
				950234DF973E94D0673ACA2E /* .gitkeep */,
				9B96C3DE1F116495480AD2A4 /* HotkeyCoordinator.swift */,
				3655D3BF86D9C2822621BF58 /* HotkeyRegistrar.swift */,
			);
			path = Hotkey;
			sourceTree = "<group>";
		};
		FC92FB22DC662FED284AF1AA /* Notion */ = {
			isa = PBXGroup;
			children = (
				17687F46D7A0781669E5CC9F /* NotionClient.swift */,
				7185FDCA31FF264964BC562D /* NotionConfig.swift */,
				C47C04845FCB9ED5E44C2103 /* NotionError.swift */,
				031A751DE76856F94DF819F3 /* NotionMeetingWriter.swift */,
				908EE78B9C38578665E6EF12 /* NotionPageBuilder.swift */,
				9DA782946750D9DEA55107CF /* NotionPagePayload.swift */,
				EF6FD43A40A3969B3D43637B /* NotionValidation.swift */,
			);
			path = Notion;
			sourceTree = "<group>";
		};
		FE06C68DC62C09020D2CAAA7 /* ErrorInspector */ = {
			isa = PBXGroup;
			children = (
				B55A106540854AF87509629B /* ErrorInspectorTests.swift */,
			);
			path = ErrorInspector;
			sourceTree = "<group>";
		};
		FE6CEF52E817D49B71FB6155 /* App */ = {
			isa = PBXGroup;
			children = (
				78E0C908B58D3FB78E7FE33D /* AppVersion.swift */,
				78A86F1ADBC2862697A84BDA /* MainWindow.swift */,
				55150BB151646F699DEA1E9C /* MenuBarController.swift */,
			);
			path = App;
			sourceTree = "<group>";
		};
/* End PBXGroup section */

/* Begin PBXNativeTarget section */
		89247A5405FD6BCE7D8746E8 /* JotTests */ = {
			isa = PBXNativeTarget;
			buildConfigurationList = 094C5D20FD0F878E51B251E8 /* Build configuration list for PBXNativeTarget "JotTests" */;
			buildPhases = (
				CE1B9BE09355CAE9DDF51545 /* Sources */,
			);
			buildRules = (
			);
			dependencies = (
				294EF48E6A87105269022616 /* PBXTargetDependency */,
			);
			name = JotTests;
			packageProductDependencies = (
			);
			productName = JotTests;
			productReference = 69ACEF2BDA7EA08CD8719374 /* JotTests.xctest */;
			productType = "com.apple.product-type.bundle.unit-test";
		};
		B0C2456737C67D0846A9A98E /* Jot */ = {
			isa = PBXNativeTarget;
			buildConfigurationList = D19C9A8BD450B596109DFFC9 /* Build configuration list for PBXNativeTarget "Jot" */;
			buildPhases = (
				3DD6E63B2DEC370C8F73FEFC /* Sources */,
				50DFCCDBE97F485ECE587641 /* Resources */,
				CECC998285A097708CD1845D /* Frameworks */,
			);
			buildRules = (
			);
			dependencies = (
			);
			name = Jot;
			packageProductDependencies = (
				F187B23939AA107083CC8A68 /* Sparkle */,
			);
			productName = Jot;
			productReference = 7F8706CA0A472D88DA09E8DC /* Jot.app */;
			productType = "com.apple.product-type.application";
		};
/* End PBXNativeTarget section */

/* Begin PBXProject section */
		5729D6C2EC45B150D2A5B40B /* Project object */ = {
			isa = PBXProject;
			attributes = {
				BuildIndependentTargetsInParallel = YES;
				LastUpgradeCheck = 1430;
				TargetAttributes = {
					B0C2456737C67D0846A9A98E = {
						DevelopmentTeam = "";
						ProvisioningStyle = Manual;
					};
				};
			};
			buildConfigurationList = A78ABDA566FE326AC6161014 /* Build configuration list for PBXProject "Jot" */;
			developmentRegion = en;
			hasScannedForEncodings = 0;
			knownRegions = (
				Base,
				en,
			);
			mainGroup = 6E53C37D5E2365B4F3839C63;
			minimizedProjectReferenceProxies = 1;
			packageReferences = (
				39F0651226E43BA88E03B28F /* XCRemoteSwiftPackageReference "Sparkle" */,
			);
			preferredProjectObjectVersion = 77;
			productRefGroup = CC1E4E01C7217031616028C3 /* Products */;
			projectDirPath = "";
			projectRoot = "";
			targets = (
				B0C2456737C67D0846A9A98E /* Jot */,
				89247A5405FD6BCE7D8746E8 /* JotTests */,
			);
		};
/* End PBXProject section */

/* Begin PBXResourcesBuildPhase section */
		50DFCCDBE97F485ECE587641 /* Resources */ = {
			isa = PBXResourcesBuildPhase;
			buildActionMask = 2147483647;
			files = (
				6270DFDD2DEC7AEF406F1C7C /* Assets.xcassets in Resources */,
			);
			runOnlyForDeploymentPostprocessing = 0;
		};
/* End PBXResourcesBuildPhase section */

/* Begin PBXSourcesBuildPhase section */
		3DD6E63B2DEC370C8F73FEFC /* Sources */ = {
			isa = PBXSourcesBuildPhase;
			buildActionMask = 2147483647;
			files = (
				CC744B650EB82D15E7F05502 /* APIConfigSection.swift in Sources */,
				1A5BF86086347F5830C4DA14 /* AcronymEntry.swift in Sources */,
				72B9A552BBDB644F5CFE0BF6 /* AppSettings.swift in Sources */,
				0AB2D3C57557BAB9AB7B264F /* AppVersion.swift in Sources */,
				992DD377B75E4CBD0BB988E5 /* AudioHijackBlock.swift in Sources */,
				8A866BB3FA1BBB6AA2CE8FE2 /* AudioHijackController.swift in Sources */,
				6B8B3B3DD0E632BC69A3B9AF /* AudioHijackPresence.swift in Sources */,
				ABF46D2D679BD3DF50A1E6D7 /* AuditLogEntry.swift in Sources */,
				9240339CF2A247BF628F3C1A /* AuditLogRow.swift in Sources */,
				02E4DEB6612EAEEFBD8D242E /* AuditLogStore.swift in Sources */,
				2544965BAFBCC8A1F2FE19C1 /* AuditLogView.swift in Sources */,
				1C04CBF2E157BCB85D503788 /* ContextCompiler.swift in Sources */,
				C8A6F8C1995B27EB22A02AF5 /* ContextCompilerBudget.swift in Sources */,
				127CC9DADE8CC407EA7531F4 /* CurrentMeetingEditorView.swift in Sources */,
				E8C8059E488F6BA42C8D9694 /* DebugMode.swift in Sources */,
				AD79DC077FA02D21771D2014 /* ErrorInspector.swift in Sources */,
				9F0D64186C19EC81EFFB3494 /* ErrorInspectorView.swift in Sources */,
				264467A924A02916060DED0C /* FileOrganizer.swift in Sources */,
				5AC46B999D83BA8BB92A1230 /* FileReadinessDetector.swift in Sources */,
				3686743C421E36FC6A4215B5 /* FolderWatcher.swift in Sources */,
				3DAB87F492A65BF606C71C3A /* FoldersSection.swift in Sources */,
				5C7827ACCF53A7E0AEEA9170 /* HotkeyCoordinator.swift in Sources */,
				EC3C0A026717156DE4F4E405 /* HotkeyRegistrar.swift in Sources */,
				9C6E60AD410DA322579E1387 /* HotkeySection.swift in Sources */,
				48A035BE8890396E0ED43AAE /* JotApp.swift in Sources */,
				C367D85F6479C4BE678B9F08 /* KeyCombo.swift in Sources */,
				D5B027C42726B753B8835658 /* Keychain.swift in Sources */,
				78A4EA0D57294E80499D261D /* Log.swift in Sources */,
				A5045AFC90761DF71B399142 /* LoginItemController.swift in Sources */,
				D23ABB1ABF450D1AF7F2581A /* LoginItemManager.swift in Sources */,
				D6FFC310E65A663C775A32F4 /* MainWindow.swift in Sources */,
				34A35E148DFEC247318CF2EA /* MeetingContextSnapshot.swift in Sources */,
				7362C0DC9E5C68415C05007C /* MeetingContextStore.swift in Sources */,
				61786340A854420FB0BB6970 /* MeetingFolder.swift in Sources */,
				568CE6D755752F137FA03E84 /* MeetingFolderRow.swift in Sources */,
				A87431471622FF181491D3C3 /* MeetingStartInputs.swift in Sources */,
				A9E6BABCD6C1E6792400A6A8 /* MeetingStartPrompter.swift in Sources */,
				5891479EB15683AA66ACAA38 /* MenuBarController.swift in Sources */,
				8E99D21BC66277CF7867F9AA /* NotionClient.swift in Sources */,
				35071674CC199653E27A6CF0 /* NotionConfig.swift in Sources */,
				18093D301161FB9173DCC11C /* NotionError.swift in Sources */,
				8190AE2076419F7E96571BD7 /* NotionMeetingWriter.swift in Sources */,
				D827E9838278D6B7D573FE2B /* NotionPageBuilder.swift in Sources */,
				E8FF0493F280995EED5CEAEB /* NotionPagePayload.swift in Sources */,
				4BA939BD929D755DDE19ECAB /* NotionValidation.swift in Sources */,
				D06A67B449C23AD74BE1D7ED /* Organization.swift in Sources */,
				25E05ED13CBE47E3A5B80AF9 /* OrganizationDetailView.swift in Sources */,
				AE6161292A0566FDD70CCE34 /* OrganizationStore.swift in Sources */,
				CA5CF64E57859C93476FD0C9 /* OrganizationValidation.swift in Sources */,
				C49117906F38F75DED5593E4 /* OrganizationsListView.swift in Sources */,
				DE0FE5510327FF64C7EAB5F9 /* OrganizationsView.swift in Sources */,
				4DACF422B39F5653440E8915 /* PipelineCoordinator.swift in Sources */,
				273CBA40C92FAF0A4D6E2038 /* PipelineState.swift in Sources */,
				CCE982A3B5EDB2FD5D572036 /* ProcessedFilesLedger.swift in Sources */,
				8B552F392F53EF4CE5FEA145 /* ProcessingPipeline.swift in Sources */,
				D14EDC251BC9460575817D06 /* SettingsLayout.swift in Sources */,
				3B1327F691D638DF11F518BF /* SettingsValidation.swift in Sources */,
				E1EC0D6867329BE480D1681B /* SettingsView.swift in Sources */,
				1EB76DDFC708DBABDE055218 /* ShortcutInvoker.swift in Sources */,
				D5634C93E31A5A224B5A3D71 /* SparkleUpdater.swift in Sources */,
				BA79FBD2003D0A5D4CE696EA /* SupportedAudioType.swift in Sources */,
				F7E2451C8828519B8047C65E /* SystemSection.swift in Sources */,
				4B0B928EA0382A96B3B35039 /* TranscriptionClient.swift in Sources */,
				A2B747F61B514A47A4B894D1 /* TranscriptionError.swift in Sources */,
				AFFCB7D2403F9BB2FCDFA15D /* TranscriptionRequest.swift in Sources */,
				08F9F939786209ACDA9EC749 /* TranscriptsView.swift in Sources */,
				E994126055B69EC0E078CD8B /* TranscriptsViewModel.swift in Sources */,
			);
			runOnlyForDeploymentPostprocessing = 0;
		};
		CE1B9BE09355CAE9DDF51545 /* Sources */ = {
			isa = PBXSourcesBuildPhase;
			buildActionMask = 2147483647;
			files = (
				09D48416D5796D895D06B658 /* AppSettingsIntegrationTests.swift in Sources */,
				8745F5838BF84BC73FBA9071 /* AppSettingsNotionTests.swift in Sources */,
				51B9B6A3879B5048F40D690C /* AppSettingsTests.swift in Sources */,
				1B2EBBA52E1ABE8DE1A50295 /* AppVersionTests.swift in Sources */,
				FD63F122BB98D1BA40BAF006 /* AudioHijackControllerTests.swift in Sources */,
				3C5DF3B958DDB8567756A5E1 /* AudioHijackPresenceTests.swift in Sources */,
				45E617262376BDD3A0983E54 /* AuditLogEntryTests.swift in Sources */,
				DD7723E8F1336AA9D2F0B58F /* AuditLogStoreTests.swift in Sources */,
				809AEF38FED38636F76D6CC9 /* ContextCompilerTests.swift in Sources */,
				7353D863ACF4DC60671B8BFD /* CurrentMeetingEditingIntegrationTests.swift in Sources */,
				323ADE196AB584B407ECF2E5 /* DebugModeTests.swift in Sources */,
				7945F40F0E0D5B1B49D38416 /* EndToEndIntegrationTests.swift in Sources */,
				E045D0839B5B7BF3A6ACB29E /* EphemeralUserDefaults.swift in Sources */,
				3E3FA38A3339F37D00552E5C /* ErrorInspectorTests.swift in Sources */,
				D9B84B46ADF628CC1939BECF /* FakeHotkeyRegistrar.swift in Sources */,
				9B480CA41E55B9EB38EF1E75 /* FakeLoginItemControlling.swift in Sources */,
				F69CDF53C6F5680FC311A8C9 /* FileOrganizerContextTests.swift in Sources */,
				2FA13CD051B4628DDED4AE31 /* FileOrganizerIntegrationTests.swift in Sources */,
				636D5290E254B1E94C7A122D /* FileOrganizerTests.swift in Sources */,
				AD641AE135A911490BE1CC6E /* FileReadinessDetectorTests.swift in Sources */,
				610674F725396514E8B220C3 /* FolderWatcherIntegrationTests.swift in Sources */,
				C4B25F458225CF8969C8690F /* HotkeyCoordinatorTests.swift in Sources */,
				6DC0E3E16643A3F6BA465DCB /* InMemoryKeychain.swift in Sources */,
				FA2017424A8BD7527620F479 /* KeyComboTests.swift in Sources */,
				23DEA498B42A9FA63DC10271 /* KeychainFileStorageTests.swift in Sources */,
				9E4784CA4C9F24B8739E1923 /* KeychainTests.swift in Sources */,
				7AF5C27224D39E09E73ADDB9 /* LoginItemControllerTests.swift in Sources */,
				C9D70FC95189E073CA68157B /* MainWindowTabTests.swift in Sources */,
				6AE3B1901D7841728CE9992D /* MeetingContextSanitizerTests.swift in Sources */,
				631BEF4286B57E974FF18AAF /* MeetingContextSnapshotTests.swift in Sources */,
				BE99F54CE3616AD71FC9C1C5 /* MeetingContextStoreTests.swift in Sources */,
				D2B871A07D7630451903D1FF /* MeetingFolderTimestampTests.swift in Sources */,
				B28F4C969AAA32DAD36565E7 /* MeetingStartInputsTests.swift in Sources */,
				C975ADE0D1AA4A5D017EBBEC /* MenuBarControllerTests.swift in Sources */,
				2339352A1ADF1CC4D0BD710F /* MockURLProtocol.swift in Sources */,
				484B021E7E882E4CCDF11DF4 /* NotionClientIntegrationTests.swift in Sources */,
				9D217B2946D2792174764BEC /* NotionErrorMappingTests.swift in Sources */,
				EB93CE7149E8874BF383B3B8 /* NotionPageBuilderTests.swift in Sources */,
				D295914EA31644364091B3ED /* NotionValidationTests.swift in Sources */,
				B4348D7CA83768698786B1AF /* OrganizationStoreIntegrationTests.swift in Sources */,
				5B74B645F93780B2B24F8EC5 /* OrganizationTests.swift in Sources */,
				91586B6F48449555EC1AC9CE /* OrganizationValidationTests.swift in Sources */,
				F84C6723662ED208D8F42C7F /* PipelineCoordinatorTests.swift in Sources */,
				F3DDE8F0C48071E18289DEF9 /* PipelineIntegrationTests.swift in Sources */,
				3CEDB3A932561910FF9BC046 /* ProcessedFilesLedgerTests.swift in Sources */,
				D8A3DD38EE0566A4A3279796 /* RecordingURLOpener.swift in Sources */,
				3FC567457E7EFF9A1383F51E /* RecordingWorkspaceActions.swift in Sources */,
				7FEBF8449A347B30AB62E554 /* SettingsFeatureSmokeTests.swift in Sources */,
				3FED7A7047D3FF7B5EFEB1B2 /* SettingsValidationTests.swift in Sources */,
				6AFC73B7F1BB7B49AED744F8 /* ShortcutInvokerTests.swift in Sources */,
				22E5DC62A206094586212A99 /* StubMeetingStartPrompter.swift in Sources */,
				318BBF2B8D6AD80A931F238C /* SupportedAudioTypeTests.swift in Sources */,
				1E4F8B2F3CF2A8111FA82D64 /* TranscriptionClientIntegrationTests.swift in Sources */,
				4588A1ACC0288978180C07BA /* TranscriptionErrorTests.swift in Sources */,
				1DA10CC9A972277BC5B616F0 /* TranscriptionRequestTests.swift in Sources */,
				D7B29093D6BCC2A6E8E93B68 /* TranscriptsViewModelTests.swift in Sources */,
			);
			runOnlyForDeploymentPostprocessing = 0;
		};
/* End PBXSourcesBuildPhase section */

/* Begin PBXTargetDependency section */
		294EF48E6A87105269022616 /* PBXTargetDependency */ = {
			isa = PBXTargetDependency;
			target = B0C2456737C67D0846A9A98E /* Jot */;
			targetProxy = 071E34D44071D9D7226B8FF1 /* PBXContainerItemProxy */;
		};
/* End PBXTargetDependency section */

/* Begin XCBuildConfiguration section */
		0F96C80546738D14032D1B82 /* Release */ = {
			isa = XCBuildConfiguration;
			buildSettings = {
				BUNDLE_LOADER = "$(TEST_HOST)";
				COMBINE_HIDPI_IMAGES = YES;
				GENERATE_INFOPLIST_FILE = YES;
				LD_RUNPATH_SEARCH_PATHS = (
					"$(inherited)",
					"@executable_path/../Frameworks",
					"@loader_path/../Frameworks",
				);
				PRODUCT_BUNDLE_IDENTIFIER = com.toshonivc.jot.tests;
				SDKROOT = macosx;
				TEST_HOST = "$(BUILT_PRODUCTS_DIR)/Jot Dev.app/Contents/MacOS/Jot Dev";
			};
			name = Release;
		};
		10812DA83C667A24F16A2E4D /* Debug */ = {
			isa = XCBuildConfiguration;
			buildSettings = {
				ALWAYS_SEARCH_USER_PATHS = NO;
				CLANG_ANALYZER_NONNULL = YES;
				CLANG_ANALYZER_NUMBER_OBJECT_CONVERSION = YES_AGGRESSIVE;
				CLANG_CXX_LANGUAGE_STANDARD = "gnu++14";
				CLANG_CXX_LIBRARY = "libc++";
				CLANG_ENABLE_MODULES = YES;
				CLANG_ENABLE_OBJC_ARC = YES;
				CLANG_ENABLE_OBJC_WEAK = YES;
				CLANG_WARN_BLOCK_CAPTURE_AUTORELEASING = YES;
				CLANG_WARN_BOOL_CONVERSION = YES;
				CLANG_WARN_COMMA = YES;
				CLANG_WARN_CONSTANT_CONVERSION = YES;
				CLANG_WARN_DEPRECATED_OBJC_IMPLEMENTATIONS = YES;
				CLANG_WARN_DIRECT_OBJC_ISA_USAGE = YES_ERROR;
				CLANG_WARN_DOCUMENTATION_COMMENTS = YES;
				CLANG_WARN_EMPTY_BODY = YES;
				CLANG_WARN_ENUM_CONVERSION = YES;
				CLANG_WARN_INFINITE_RECURSION = YES;
				CLANG_WARN_INT_CONVERSION = YES;
				CLANG_WARN_NON_LITERAL_NULL_CONVERSION = YES;
				CLANG_WARN_OBJC_IMPLICIT_RETAIN_SELF = YES;
				CLANG_WARN_OBJC_LITERAL_CONVERSION = YES;
				CLANG_WARN_OBJC_ROOT_CLASS = YES_ERROR;
				CLANG_WARN_QUOTED_INCLUDE_IN_FRAMEWORK_HEADER = YES;
				CLANG_WARN_RANGE_LOOP_ANALYSIS = YES;
				CLANG_WARN_STRICT_PROTOTYPES = YES;
				CLANG_WARN_SUSPICIOUS_MOVE = YES;
				CLANG_WARN_UNGUARDED_AVAILABILITY = YES_AGGRESSIVE;
				CLANG_WARN_UNREACHABLE_CODE = YES;
				CLANG_WARN__DUPLICATE_METHOD_MATCH = YES;
				COPY_PHASE_STRIP = NO;
				DEBUG_INFORMATION_FORMAT = dwarf;
				ENABLE_STRICT_OBJC_MSGSEND = YES;
				ENABLE_TESTABILITY = YES;
				GCC_C_LANGUAGE_STANDARD = gnu11;
				GCC_DYNAMIC_NO_PIC = NO;
				GCC_NO_COMMON_BLOCKS = YES;
				GCC_OPTIMIZATION_LEVEL = 0;
				GCC_PREPROCESSOR_DEFINITIONS = (
					"$(inherited)",
					"DEBUG=1",
				);
				GCC_WARN_64_TO_32_BIT_CONVERSION = YES;
				GCC_WARN_ABOUT_RETURN_TYPE = YES_ERROR;
				GCC_WARN_UNDECLARED_SELECTOR = YES;
				GCC_WARN_UNINITIALIZED_AUTOS = YES_AGGRESSIVE;
				GCC_WARN_UNUSED_FUNCTION = YES;
				GCC_WARN_UNUSED_VARIABLE = YES;
				MACOSX_DEPLOYMENT_TARGET = 14.0;
				MTL_ENABLE_DEBUG_INFO = INCLUDE_SOURCE;
				MTL_FAST_MATH = YES;
				ONLY_ACTIVE_ARCH = YES;
				PRODUCT_NAME = "$(TARGET_NAME)";
				SDKROOT = macosx;
				SWIFT_ACTIVE_COMPILATION_CONDITIONS = DEBUG;
				SWIFT_OPTIMIZATION_LEVEL = "-Onone";
				SWIFT_VERSION = 5.9;
			};
			name = Debug;
		};
		2DF28970C925F0D0EF47A1F3 /* Release */ = {
			isa = XCBuildConfiguration;
			baseConfigurationReference = 1D64B96BCD219453E291C3CE /* Release.xcconfig */;
			buildSettings = {
				CODE_SIGN_ENTITLEMENTS = Jot/Jot.entitlements;
				COMBINE_HIDPI_IMAGES = YES;
				ENABLE_HARDENED_RUNTIME = NO;
				GENERATE_INFOPLIST_FILE = NO;
				INFOPLIST_FILE = Jot/Info.plist;
				LD_RUNPATH_SEARCH_PATHS = (
					"$(inherited)",
					"@executable_path/../Frameworks",
				);
				PRODUCT_MODULE_NAME = Jot;
				SDKROOT = macosx;
			};
			name = Release;
		};
		4B41D009A40FC3A21A265D4E /* Debug */ = {
			isa = XCBuildConfiguration;
			buildSettings = {
				BUNDLE_LOADER = "$(TEST_HOST)";
				COMBINE_HIDPI_IMAGES = YES;
				GENERATE_INFOPLIST_FILE = YES;
				LD_RUNPATH_SEARCH_PATHS = (
					"$(inherited)",
					"@executable_path/../Frameworks",
					"@loader_path/../Frameworks",
				);
				PRODUCT_BUNDLE_IDENTIFIER = com.toshonivc.jot.tests;
				SDKROOT = macosx;
				TEST_HOST = "$(BUILT_PRODUCTS_DIR)/Jot Dev.app/Contents/MacOS/Jot Dev";
			};
			name = Debug;
		};
		7120B7BA1035FA69E8A5FB17 /* Debug */ = {
			isa = XCBuildConfiguration;
			baseConfigurationReference = EE760F18033D66D954F7CF78 /* Debug.xcconfig */;
			buildSettings = {
				CODE_SIGN_ENTITLEMENTS = Jot/Jot.entitlements;
				COMBINE_HIDPI_IMAGES = YES;
				ENABLE_HARDENED_RUNTIME = NO;
				GENERATE_INFOPLIST_FILE = NO;
				INFOPLIST_FILE = Jot/Info.plist;
				LD_RUNPATH_SEARCH_PATHS = (
					"$(inherited)",
					"@executable_path/../Frameworks",
				);
				PRODUCT_MODULE_NAME = Jot;
				SDKROOT = macosx;
			};
			name = Debug;
		};
		D80594AAB568B0213375232C /* Release */ = {
			isa = XCBuildConfiguration;
			buildSettings = {
				ALWAYS_SEARCH_USER_PATHS = NO;
				CLANG_ANALYZER_NONNULL = YES;
				CLANG_ANALYZER_NUMBER_OBJECT_CONVERSION = YES_AGGRESSIVE;
				CLANG_CXX_LANGUAGE_STANDARD = "gnu++14";
				CLANG_CXX_LIBRARY = "libc++";
				CLANG_ENABLE_MODULES = YES;
				CLANG_ENABLE_OBJC_ARC = YES;
				CLANG_ENABLE_OBJC_WEAK = YES;
				CLANG_WARN_BLOCK_CAPTURE_AUTORELEASING = YES;
				CLANG_WARN_BOOL_CONVERSION = YES;
				CLANG_WARN_COMMA = YES;
				CLANG_WARN_CONSTANT_CONVERSION = YES;
				CLANG_WARN_DEPRECATED_OBJC_IMPLEMENTATIONS = YES;
				CLANG_WARN_DIRECT_OBJC_ISA_USAGE = YES_ERROR;
				CLANG_WARN_DOCUMENTATION_COMMENTS = YES;
				CLANG_WARN_EMPTY_BODY = YES;
				CLANG_WARN_ENUM_CONVERSION = YES;
				CLANG_WARN_INFINITE_RECURSION = YES;
				CLANG_WARN_INT_CONVERSION = YES;
				CLANG_WARN_NON_LITERAL_NULL_CONVERSION = YES;
				CLANG_WARN_OBJC_IMPLICIT_RETAIN_SELF = YES;
				CLANG_WARN_OBJC_LITERAL_CONVERSION = YES;
				CLANG_WARN_OBJC_ROOT_CLASS = YES_ERROR;
				CLANG_WARN_QUOTED_INCLUDE_IN_FRAMEWORK_HEADER = YES;
				CLANG_WARN_RANGE_LOOP_ANALYSIS = YES;
				CLANG_WARN_STRICT_PROTOTYPES = YES;
				CLANG_WARN_SUSPICIOUS_MOVE = YES;
				CLANG_WARN_UNGUARDED_AVAILABILITY = YES_AGGRESSIVE;
				CLANG_WARN_UNREACHABLE_CODE = YES;
				CLANG_WARN__DUPLICATE_METHOD_MATCH = YES;
				COPY_PHASE_STRIP = NO;
				DEBUG_INFORMATION_FORMAT = "dwarf-with-dsym";
				ENABLE_NS_ASSERTIONS = NO;
				ENABLE_STRICT_OBJC_MSGSEND = YES;
				GCC_C_LANGUAGE_STANDARD = gnu11;
				GCC_NO_COMMON_BLOCKS = YES;
				GCC_WARN_64_TO_32_BIT_CONVERSION = YES;
				GCC_WARN_ABOUT_RETURN_TYPE = YES_ERROR;
				GCC_WARN_UNDECLARED_SELECTOR = YES;
				GCC_WARN_UNINITIALIZED_AUTOS = YES_AGGRESSIVE;
				GCC_WARN_UNUSED_FUNCTION = YES;
				GCC_WARN_UNUSED_VARIABLE = YES;
				MACOSX_DEPLOYMENT_TARGET = 14.0;
				MTL_ENABLE_DEBUG_INFO = NO;
				MTL_FAST_MATH = YES;
				PRODUCT_NAME = "$(TARGET_NAME)";
				SDKROOT = macosx;
				SWIFT_COMPILATION_MODE = wholemodule;
				SWIFT_OPTIMIZATION_LEVEL = "-O";
				SWIFT_VERSION = 5.9;
			};
			name = Release;
		};
/* End XCBuildConfiguration section */

/* Begin XCConfigurationList section */
		094C5D20FD0F878E51B251E8 /* Build configuration list for PBXNativeTarget "JotTests" */ = {
			isa = XCConfigurationList;
			buildConfigurations = (
				4B41D009A40FC3A21A265D4E /* Debug */,
				0F96C80546738D14032D1B82 /* Release */,
			);
			defaultConfigurationIsVisible = 0;
			defaultConfigurationName = Debug;
		};
		A78ABDA566FE326AC6161014 /* Build configuration list for PBXProject "Jot" */ = {
			isa = XCConfigurationList;
			buildConfigurations = (
				10812DA83C667A24F16A2E4D /* Debug */,
				D80594AAB568B0213375232C /* Release */,
			);
			defaultConfigurationIsVisible = 0;
			defaultConfigurationName = Debug;
		};
		D19C9A8BD450B596109DFFC9 /* Build configuration list for PBXNativeTarget "Jot" */ = {
			isa = XCConfigurationList;
			buildConfigurations = (
				7120B7BA1035FA69E8A5FB17 /* Debug */,
				2DF28970C925F0D0EF47A1F3 /* Release */,
			);
			defaultConfigurationIsVisible = 0;
			defaultConfigurationName = Debug;
		};
/* End XCConfigurationList section */

/* Begin XCRemoteSwiftPackageReference section */
		39F0651226E43BA88E03B28F /* XCRemoteSwiftPackageReference "Sparkle" */ = {
			isa = XCRemoteSwiftPackageReference;
			repositoryURL = "https://github.com/sparkle-project/Sparkle";
			requirement = {
				kind = upToNextMajorVersion;
				minimumVersion = 2.6.0;
			};
		};
/* End XCRemoteSwiftPackageReference section */

/* Begin XCSwiftPackageProductDependency section */
		F187B23939AA107083CC8A68 /* Sparkle */ = {
			isa = XCSwiftPackageProductDependency;
			package = 39F0651226E43BA88E03B28F /* XCRemoteSwiftPackageReference "Sparkle" */;
			productName = Sparkle;
		};
/* End XCSwiftPackageProductDependency section */
	};
	rootObject = 5729D6C2EC45B150D2A5B40B /* Project object */;
}
